// !$*UTF8*$!
{
	archiveVersion = 1;
	classes = {
	};
	objectVersion = 46;
	objects = {

/* Begin PBXBuildFile section */
		5E2C5024171F46A6008A9752 /* PTPrivate.h in Headers */ = {isa = PBXBuildFile; fileRef = 5E2C5023171F46A6008A9752 /* PTPrivate.h */; };
		6A2E8E351527411E001B90E4 /* Default@2x.png in Resources */ = {isa = PBXBuildFile; fileRef = 6A2E8E341527411E001B90E4 /* Default@2x.png */; };
		6A2E8E371527451D001B90E4 /* Icon-144@2x.png in Resources */ = {isa = PBXBuildFile; fileRef = 6A2E8E361527451D001B90E4 /* Icon-144@2x.png */; };
		6A2E8E39152745EF001B90E4 /* Icon-72.png in Resources */ = {isa = PBXBuildFile; fileRef = 6A2E8E38152745EF001B90E4 /* Icon-72.png */; };
		6A2E8E3B1527467E001B90E4 /* Icon-114@2x.png in Resources */ = {isa = PBXBuildFile; fileRef = 6A2E8E3A1527467E001B90E4 /* Icon-114@2x.png */; };
		6A2E8E3D152749E0001B90E4 /* Icon.icns in Resources */ = {isa = PBXBuildFile; fileRef = 6A2E8E3C152749E0001B90E4 /* Icon.icns */; };
		6A2E8E3F15274F8E001B90E4 /* QuartzCore.framework in Frameworks */ = {isa = PBXBuildFile; fileRef = 6A2E8E3E15274F8E001B90E4 /* QuartzCore.framework */; };
		6A4010D715275E5400EF0E92 /* UIKit.framework in Frameworks */ = {isa = PBXBuildFile; fileRef = 6A4010D615275E5400EF0E92 /* UIKit.framework */; };
		6A4010D915275E9600EF0E92 /* CoreGraphics.framework in Frameworks */ = {isa = PBXBuildFile; fileRef = 6A4010D815275E9600EF0E92 /* CoreGraphics.framework */; };
		6A64AAC8152604D40065BF86 /* Cocoa.framework in Frameworks */ = {isa = PBXBuildFile; fileRef = 6A88FA33150D613800FC3647 /* Cocoa.framework */; };
		6A64AACE152604D40065BF86 /* InfoPlist.strings in Resources */ = {isa = PBXBuildFile; fileRef = 6A64AACC152604D40065BF86 /* InfoPlist.strings */; };
		6A64AAD0152604D40065BF86 /* main.m in Sources */ = {isa = PBXBuildFile; fileRef = 6A64AACF152604D40065BF86 /* main.m */; };
		6A64AAD4152604D40065BF86 /* Credits.rtf in Resources */ = {isa = PBXBuildFile; fileRef = 6A64AAD2152604D40065BF86 /* Credits.rtf */; };
		6A64AAD7152604D40065BF86 /* PTAppDelegate.m in Sources */ = {isa = PBXBuildFile; fileRef = 6A64AAD6152604D40065BF86 /* PTAppDelegate.m */; };
		6A64AADA152604D40065BF86 /* MainMenu.xib in Resources */ = {isa = PBXBuildFile; fileRef = 6A64AAD8152604D40065BF86 /* MainMenu.xib */; };
		6A64AAE61526050D0065BF86 /* Foundation.framework in Frameworks */ = {isa = PBXBuildFile; fileRef = 6A0A056E150DB1C10014D424 /* Foundation.framework */; };
		6A64AAEE1526050D0065BF86 /* InfoPlist.strings in Resources */ = {isa = PBXBuildFile; fileRef = 6A64AAEC1526050D0065BF86 /* InfoPlist.strings */; };
		6A64AAF01526050D0065BF86 /* main.m in Sources */ = {isa = PBXBuildFile; fileRef = 6A64AAEF1526050D0065BF86 /* main.m */; };
		6A64AAF41526050D0065BF86 /* PTAppDelegate.m in Sources */ = {isa = PBXBuildFile; fileRef = 6A64AAF31526050D0065BF86 /* PTAppDelegate.m */; };
		6A64AAF71526050D0065BF86 /* MainStoryboard_iPhone.storyboard in Resources */ = {isa = PBXBuildFile; fileRef = 6A64AAF51526050D0065BF86 /* MainStoryboard_iPhone.storyboard */; };
		6A64AAFA1526050D0065BF86 /* MainStoryboard_iPad.storyboard in Resources */ = {isa = PBXBuildFile; fileRef = 6A64AAF81526050D0065BF86 /* MainStoryboard_iPad.storyboard */; };
		6A64AAFD1526050D0065BF86 /* PTViewController.m in Sources */ = {isa = PBXBuildFile; fileRef = 6A64AAFC1526050D0065BF86 /* PTViewController.m */; };
		6A64AB0215260B4D0065BF86 /* libpeertalk.a in Frameworks */ = {isa = PBXBuildFile; fileRef = 6A88FA30150D613800FC3647 /* libpeertalk.a */; };
		6A64AB0815260E5C0065BF86 /* PTChannel.m in Sources */ = {isa = PBXBuildFile; fileRef = 6ACFD2D5151D36220081ACF5 /* PTChannel.m */; };
		6A64AB0915260E600065BF86 /* PTProtocol.m in Sources */ = {isa = PBXBuildFile; fileRef = 6A88FA5D150D61DE00FC3647 /* PTProtocol.m */; };
		6A88FA34150D613800FC3647 /* Cocoa.framework in Frameworks */ = {isa = PBXBuildFile; fileRef = 6A88FA33150D613800FC3647 /* Cocoa.framework */; };
		6A88FA46150D613800FC3647 /* SenTestingKit.framework in Frameworks */ = {isa = PBXBuildFile; fileRef = 6A88FA45150D613800FC3647 /* SenTestingKit.framework */; };
		6A88FA47150D613800FC3647 /* Cocoa.framework in Frameworks */ = {isa = PBXBuildFile; fileRef = 6A88FA33150D613800FC3647 /* Cocoa.framework */; };
		6A88FA4A150D613800FC3647 /* libpeertalk.a in Frameworks */ = {isa = PBXBuildFile; fileRef = 6A88FA30150D613800FC3647 /* libpeertalk.a */; };
		6A88FA50150D613800FC3647 /* InfoPlist.strings in Resources */ = {isa = PBXBuildFile; fileRef = 6A88FA4E150D613800FC3647 /* InfoPlist.strings */; };
		6A88FA53150D613800FC3647 /* PTProtocolTests.m in Sources */ = {isa = PBXBuildFile; fileRef = 6A88FA52150D613800FC3647 /* PTProtocolTests.m */; };
		6A88FA60150D61DE00FC3647 /* PTProtocol.h in Headers */ = {isa = PBXBuildFile; fileRef = 6A88FA5C150D61DE00FC3647 /* PTProtocol.h */; };
		6A88FA61150D61DE00FC3647 /* PTProtocol.m in Sources */ = {isa = PBXBuildFile; fileRef = 6A88FA5D150D61DE00FC3647 /* PTProtocol.m */; };
		6A88FA62150D61DE00FC3647 /* PTUSBHub.h in Headers */ = {isa = PBXBuildFile; fileRef = 6A88FA5E150D61DE00FC3647 /* PTUSBHub.h */; };
		6A88FA63150D61DE00FC3647 /* PTUSBHub.m in Sources */ = {isa = PBXBuildFile; fileRef = 6A88FA5F150D61DE00FC3647 /* PTUSBHub.m */; };
		6ACFD2D6151D36220081ACF5 /* PTChannel.h in Headers */ = {isa = PBXBuildFile; fileRef = 6ACFD2D4151D36220081ACF5 /* PTChannel.h */; };
		6ACFD2D7151D36220081ACF5 /* PTChannel.m in Sources */ = {isa = PBXBuildFile; fileRef = 6ACFD2D5151D36220081ACF5 /* PTChannel.m */; };
/* End PBXBuildFile section */

/* Begin PBXContainerItemProxy section */
		6A64AB0315260B510065BF86 /* PBXContainerItemProxy */ = {
			isa = PBXContainerItemProxy;
			containerPortal = 6A88FA27150D613800FC3647 /* Project object */;
			proxyType = 1;
			remoteGlobalIDString = 6A88FA2F150D613800FC3647;
			remoteInfo = peertalk;
		};
		6A88FA48150D613800FC3647 /* PBXContainerItemProxy */ = {
			isa = PBXContainerItemProxy;
			containerPortal = 6A88FA27150D613800FC3647 /* Project object */;
			proxyType = 1;
			remoteGlobalIDString = 6A88FA2F150D613800FC3647;
			remoteInfo = rusbhub;
		};
/* End PBXContainerItemProxy section */

/* Begin PBXFileReference section */
		5E2C5023171F46A6008A9752 /* PTPrivate.h */ = {isa = PBXFileReference; fileEncoding = 4; lastKnownFileType = sourcecode.c.h; path = PTPrivate.h; sourceTree = "<group>"; };
		6A0A056E150DB1C10014D424 /* Foundation.framework */ = {isa = PBXFileReference; lastKnownFileType = wrapper.framework; name = Foundation.framework; path = System/Library/Frameworks/Foundation.framework; sourceTree = SDKROOT; };
		6A2E8E341527411E001B90E4 /* Default@2x.png */ = {isa = PBXFileReference; lastKnownFileType = image.png; path = "Default@2x.png"; sourceTree = "<group>"; };
		6A2E8E361527451D001B90E4 /* Icon-144@2x.png */ = {isa = PBXFileReference; lastKnownFileType = image.png; path = "Icon-144@2x.png"; sourceTree = "<group>"; };
		6A2E8E38152745EF001B90E4 /* Icon-72.png */ = {isa = PBXFileReference; lastKnownFileType = image.png; path = "Icon-72.png"; sourceTree = "<group>"; };
		6A2E8E3A1527467E001B90E4 /* Icon-114@2x.png */ = {isa = PBXFileReference; lastKnownFileType = image.png; path = "Icon-114@2x.png"; sourceTree = "<group>"; };
		6A2E8E3C152749E0001B90E4 /* Icon.icns */ = {isa = PBXFileReference; lastKnownFileType = image.icns; path = Icon.icns; sourceTree = "<group>"; };
		6A2E8E3E15274F8E001B90E4 /* QuartzCore.framework */ = {isa = PBXFileReference; lastKnownFileType = wrapper.framework; name = QuartzCore.framework; path = System/Library/Frameworks/QuartzCore.framework; sourceTree = SDKROOT; };
		6A4010D515275E3800EF0E92 /* prefix.pch */ = {isa = PBXFileReference; lastKnownFileType = sourcecode.c.h; path = prefix.pch; sourceTree = "<group>"; };
		6A4010D615275E5400EF0E92 /* UIKit.framework */ = {isa = PBXFileReference; lastKnownFileType = wrapper.framework; name = UIKit.framework; path = Platforms/iPhoneOS.platform/Developer/SDKs/iPhoneOS5.1.sdk/System/Library/Frameworks/UIKit.framework; sourceTree = DEVELOPER_DIR; };
		6A4010D815275E9600EF0E92 /* CoreGraphics.framework */ = {isa = PBXFileReference; lastKnownFileType = wrapper.framework; name = CoreGraphics.framework; path = Platforms/iPhoneOS.platform/Developer/SDKs/iPhoneOS5.1.sdk/System/Library/Frameworks/CoreGraphics.framework; sourceTree = DEVELOPER_DIR; };
		6A64AAC6152604D40065BF86 /* Peertalk Example.app */ = {isa = PBXFileReference; explicitFileType = wrapper.application; includeInIndex = 0; path = "Peertalk Example.app"; sourceTree = BUILT_PRODUCTS_DIR; };
		6A64AACB152604D40065BF86 /* Peertalk Example-Info.plist */ = {isa = PBXFileReference; lastKnownFileType = text.plist.xml; path = "Peertalk Example-Info.plist"; sourceTree = "<group>"; };
		6A64AACD152604D40065BF86 /* en */ = {isa = PBXFileReference; lastKnownFileType = text.plist.strings; name = en; path = en.lproj/InfoPlist.strings; sourceTree = "<group>"; };
		6A64AACF152604D40065BF86 /* main.m */ = {isa = PBXFileReference; lastKnownFileType = sourcecode.c.objc; path = main.m; sourceTree = "<group>"; };
		6A64AAD1152604D40065BF86 /* Peertalk Example-Prefix.pch */ = {isa = PBXFileReference; lastKnownFileType = sourcecode.c.h; path = "Peertalk Example-Prefix.pch"; sourceTree = "<group>"; };
		6A64AAD3152604D40065BF86 /* en */ = {isa = PBXFileReference; lastKnownFileType = text.rtf; name = en; path = en.lproj/Credits.rtf; sourceTree = "<group>"; };
		6A64AAD5152604D40065BF86 /* PTAppDelegate.h */ = {isa = PBXFileReference; lastKnownFileType = sourcecode.c.h; path = PTAppDelegate.h; sourceTree = "<group>"; };
		6A64AAD6152604D40065BF86 /* PTAppDelegate.m */ = {isa = PBXFileReference; lastKnownFileType = sourcecode.c.objc; path = PTAppDelegate.m; sourceTree = "<group>"; };
		6A64AAD9152604D40065BF86 /* en */ = {isa = PBXFileReference; lastKnownFileType = file.xib; name = en; path = en.lproj/MainMenu.xib; sourceTree = "<group>"; };
		6A64AAE21526050D0065BF86 /* Peertalk iOS Example.app */ = {isa = PBXFileReference; explicitFileType = wrapper.application; includeInIndex = 0; path = "Peertalk iOS Example.app"; sourceTree = BUILT_PRODUCTS_DIR; };
		6A64AAEB1526050D0065BF86 /* Peertalk iOS Example-Info.plist */ = {isa = PBXFileReference; lastKnownFileType = text.plist.xml; path = "Peertalk iOS Example-Info.plist"; sourceTree = "<group>"; };
		6A64AAED1526050D0065BF86 /* en */ = {isa = PBXFileReference; lastKnownFileType = text.plist.strings; name = en; path = en.lproj/InfoPlist.strings; sourceTree = "<group>"; };
		6A64AAEF1526050D0065BF86 /* main.m */ = {isa = PBXFileReference; lastKnownFileType = sourcecode.c.objc; path = main.m; sourceTree = "<group>"; };
		6A64AAF11526050D0065BF86 /* Peertalk iOS Example-Prefix.pch */ = {isa = PBXFileReference; lastKnownFileType = sourcecode.c.h; path = "Peertalk iOS Example-Prefix.pch"; sourceTree = "<group>"; };
		6A64AAF21526050D0065BF86 /* PTAppDelegate.h */ = {isa = PBXFileReference; lastKnownFileType = sourcecode.c.h; path = PTAppDelegate.h; sourceTree = "<group>"; };
		6A64AAF31526050D0065BF86 /* PTAppDelegate.m */ = {isa = PBXFileReference; lastKnownFileType = sourcecode.c.objc; path = PTAppDelegate.m; sourceTree = "<group>"; };
		6A64AAF61526050D0065BF86 /* en */ = {isa = PBXFileReference; lastKnownFileType = file.storyboard; name = en; path = en.lproj/MainStoryboard_iPhone.storyboard; sourceTree = "<group>"; };
		6A64AAF91526050D0065BF86 /* en */ = {isa = PBXFileReference; lastKnownFileType = file.storyboard; name = en; path = en.lproj/MainStoryboard_iPad.storyboard; sourceTree = "<group>"; };
		6A64AAFB1526050D0065BF86 /* PTViewController.h */ = {isa = PBXFileReference; lastKnownFileType = sourcecode.c.h; path = PTViewController.h; sourceTree = "<group>"; };
		6A64AAFC1526050D0065BF86 /* PTViewController.m */ = {isa = PBXFileReference; lastKnownFileType = sourcecode.c.objc; path = PTViewController.m; sourceTree = "<group>"; };
		6A64AB01152608C80065BF86 /* PTExampleProtocol.h */ = {isa = PBXFileReference; lastKnownFileType = sourcecode.c.h; path = PTExampleProtocol.h; sourceTree = "<group>"; };
		6A88FA30150D613800FC3647 /* libpeertalk.a */ = {isa = PBXFileReference; explicitFileType = archive.ar; includeInIndex = 0; path = libpeertalk.a; sourceTree = BUILT_PRODUCTS_DIR; };
		6A88FA33150D613800FC3647 /* Cocoa.framework */ = {isa = PBXFileReference; lastKnownFileType = wrapper.framework; name = Cocoa.framework; path = System/Library/Frameworks/Cocoa.framework; sourceTree = SDKROOT; };
		6A88FA36150D613800FC3647 /* AppKit.framework */ = {isa = PBXFileReference; lastKnownFileType = wrapper.framework; name = AppKit.framework; path = System/Library/Frameworks/AppKit.framework; sourceTree = SDKROOT; };
		6A88FA37150D613800FC3647 /* CoreData.framework */ = {isa = PBXFileReference; lastKnownFileType = wrapper.framework; name = CoreData.framework; path = System/Library/Frameworks/CoreData.framework; sourceTree = SDKROOT; };
		6A88FA38150D613800FC3647 /* Foundation.framework */ = {isa = PBXFileReference; lastKnownFileType = wrapper.framework; name = Foundation.framework; path = System/Library/Frameworks/Foundation.framework; sourceTree = SDKROOT; };
		6A88FA44150D613800FC3647 /* peertalkTests.octest */ = {isa = PBXFileReference; explicitFileType = wrapper.cfbundle; includeInIndex = 0; path = peertalkTests.octest; sourceTree = BUILT_PRODUCTS_DIR; };
		6A88FA45150D613800FC3647 /* SenTestingKit.framework */ = {isa = PBXFileReference; lastKnownFileType = wrapper.framework; name = SenTestingKit.framework; path = Library/Frameworks/SenTestingKit.framework; sourceTree = DEVELOPER_DIR; };
		6A88FA4D150D613800FC3647 /* peertalkTests-Info.plist */ = {isa = PBXFileReference; lastKnownFileType = text.plist.xml; path = "peertalkTests-Info.plist"; sourceTree = "<group>"; };
		6A88FA4F150D613800FC3647 /* en */ = {isa = PBXFileReference; lastKnownFileType = text.plist.strings; name = en; path = en.lproj/InfoPlist.strings; sourceTree = "<group>"; };
		6A88FA51150D613800FC3647 /* PTProtocolTests.h */ = {isa = PBXFileReference; lastKnownFileType = sourcecode.c.h; path = PTProtocolTests.h; sourceTree = "<group>"; };
		6A88FA52150D613800FC3647 /* PTProtocolTests.m */ = {isa = PBXFileReference; lastKnownFileType = sourcecode.c.objc; path = PTProtocolTests.m; sourceTree = "<group>"; };
		6A88FA5C150D61DE00FC3647 /* PTProtocol.h */ = {isa = PBXFileReference; fileEncoding = 4; lastKnownFileType = sourcecode.c.h; path = PTProtocol.h; sourceTree = "<group>"; };
		6A88FA5D150D61DE00FC3647 /* PTProtocol.m */ = {isa = PBXFileReference; fileEncoding = 4; lastKnownFileType = sourcecode.c.objc; path = PTProtocol.m; sourceTree = "<group>"; };
		6A88FA5E150D61DE00FC3647 /* PTUSBHub.h */ = {isa = PBXFileReference; fileEncoding = 4; lastKnownFileType = sourcecode.c.h; path = PTUSBHub.h; sourceTree = "<group>"; };
		6A88FA5F150D61DE00FC3647 /* PTUSBHub.m */ = {isa = PBXFileReference; fileEncoding = 4; lastKnownFileType = sourcecode.c.objc; path = PTUSBHub.m; sourceTree = "<group>"; };
		6ACFD2D4151D36220081ACF5 /* PTChannel.h */ = {isa = PBXFileReference; fileEncoding = 4; lastKnownFileType = sourcecode.c.h; path = PTChannel.h; sourceTree = "<group>"; };
		6ACFD2D5151D36220081ACF5 /* PTChannel.m */ = {isa = PBXFileReference; fileEncoding = 4; lastKnownFileType = sourcecode.c.objc; path = PTChannel.m; sourceTree = "<group>"; };
/* End PBXFileReference section */

/* Begin PBXFrameworksBuildPhase section */
		6A64AAC3152604D40065BF86 /* Frameworks */ = {
			isa = PBXFrameworksBuildPhase;
			buildActionMask = 2147483647;
			files = (
				6A2E8E3F15274F8E001B90E4 /* QuartzCore.framework in Frameworks */,
				6A64AB0215260B4D0065BF86 /* libpeertalk.a in Frameworks */,
				6A64AAC8152604D40065BF86 /* Cocoa.framework in Frameworks */,
			);
			runOnlyForDeploymentPostprocessing = 0;
		};
		6A64AADF1526050D0065BF86 /* Frameworks */ = {
			isa = PBXFrameworksBuildPhase;
			buildActionMask = 2147483647;
			files = (
				6A4010D915275E9600EF0E92 /* CoreGraphics.framework in Frameworks */,
				6A4010D715275E5400EF0E92 /* UIKit.framework in Frameworks */,
				6A64AAE61526050D0065BF86 /* Foundation.framework in Frameworks */,
			);
			runOnlyForDeploymentPostprocessing = 0;
		};
		6A88FA2D150D613800FC3647 /* Frameworks */ = {
			isa = PBXFrameworksBuildPhase;
			buildActionMask = 2147483647;
			files = (
				6A88FA34150D613800FC3647 /* Cocoa.framework in Frameworks */,
			);
			runOnlyForDeploymentPostprocessing = 0;
		};
		6A88FA40150D613800FC3647 /* Frameworks */ = {
			isa = PBXFrameworksBuildPhase;
			buildActionMask = 2147483647;
			files = (
				6A88FA46150D613800FC3647 /* SenTestingKit.framework in Frameworks */,
				6A88FA47150D613800FC3647 /* Cocoa.framework in Frameworks */,
				6A88FA4A150D613800FC3647 /* libpeertalk.a in Frameworks */,
			);
			runOnlyForDeploymentPostprocessing = 0;
		};
/* End PBXFrameworksBuildPhase section */

/* Begin PBXGroup section */
		6A64AAC9152604D40065BF86 /* Peertalk Example */ = {
			isa = PBXGroup;
			children = (
				6A64AB01152608C80065BF86 /* PTExampleProtocol.h */,
				6A64AAD5152604D40065BF86 /* PTAppDelegate.h */,
				6A64AAD6152604D40065BF86 /* PTAppDelegate.m */,
				6A64AAD8152604D40065BF86 /* MainMenu.xib */,
				6A64AACA152604D40065BF86 /* Supporting Files */,
			);
			path = "Peertalk Example";
			sourceTree = "<group>";
		};
		6A64AACA152604D40065BF86 /* Supporting Files */ = {
			isa = PBXGroup;
			children = (
				6A2E8E3C152749E0001B90E4 /* Icon.icns */,
				6A64AACB152604D40065BF86 /* Peertalk Example-Info.plist */,
				6A64AACC152604D40065BF86 /* InfoPlist.strings */,
				6A64AACF152604D40065BF86 /* main.m */,
				6A64AAD1152604D40065BF86 /* Peertalk Example-Prefix.pch */,
				6A64AAD2152604D40065BF86 /* Credits.rtf */,
			);
			name = "Supporting Files";
			sourceTree = "<group>";
		};
		6A64AAE91526050D0065BF86 /* Peertalk iOS Example */ = {
			isa = PBXGroup;
			children = (
				6A64AAF21526050D0065BF86 /* PTAppDelegate.h */,
				6A64AAF31526050D0065BF86 /* PTAppDelegate.m */,
				6A64AAFB1526050D0065BF86 /* PTViewController.h */,
				6A64AAFC1526050D0065BF86 /* PTViewController.m */,
				6A64AAF51526050D0065BF86 /* MainStoryboard_iPhone.storyboard */,
				6A64AAF81526050D0065BF86 /* MainStoryboard_iPad.storyboard */,
				6A64AAEA1526050D0065BF86 /* Supporting Files */,
			);
			path = "Peertalk iOS Example";
			sourceTree = "<group>";
		};
		6A64AAEA1526050D0065BF86 /* Supporting Files */ = {
			isa = PBXGroup;
			children = (
				6A2E8E3A1527467E001B90E4 /* Icon-114@2x.png */,
				6A2E8E361527451D001B90E4 /* Icon-144@2x.png */,
				6A2E8E38152745EF001B90E4 /* Icon-72.png */,
				6A2E8E341527411E001B90E4 /* Default@2x.png */,
				6A64AAEB1526050D0065BF86 /* Peertalk iOS Example-Info.plist */,
				6A64AAEC1526050D0065BF86 /* InfoPlist.strings */,
				6A64AAEF1526050D0065BF86 /* main.m */,
				6A64AAF11526050D0065BF86 /* Peertalk iOS Example-Prefix.pch */,
			);
			name = "Supporting Files";
			sourceTree = "<group>";
		};
		6A88FA25150D613800FC3647 = {
			isa = PBXGroup;
			children = (
				6A88FA39150D613800FC3647 /* peertalk */,
				6A88FA4B150D613800FC3647 /* tests */,
				6A64AAC9152604D40065BF86 /* Peertalk Example */,
				6A64AAE91526050D0065BF86 /* Peertalk iOS Example */,
				6A88FA32150D613800FC3647 /* Frameworks */,
				6A88FA31150D613800FC3647 /* Products */,
			);
			sourceTree = "<group>";
		};
		6A88FA31150D613800FC3647 /* Products */ = {
			isa = PBXGroup;
			children = (
				6A88FA30150D613800FC3647 /* libpeertalk.a */,
				6A88FA44150D613800FC3647 /* peertalkTests.octest */,
				6A64AAC6152604D40065BF86 /* Peertalk Example.app */,
				6A64AAE21526050D0065BF86 /* Peertalk iOS Example.app */,
			);
			name = Products;
			sourceTree = "<group>";
		};
		6A88FA32150D613800FC3647 /* Frameworks */ = {
			isa = PBXGroup;
			children = (
				6A4010D815275E9600EF0E92 /* CoreGraphics.framework */,
				6A4010D615275E5400EF0E92 /* UIKit.framework */,
				6A2E8E3E15274F8E001B90E4 /* QuartzCore.framework */,
				6A88FA33150D613800FC3647 /* Cocoa.framework */,
				6A88FA45150D613800FC3647 /* SenTestingKit.framework */,
				6A0A056E150DB1C10014D424 /* Foundation.framework */,
				6A88FA35150D613800FC3647 /* Other Frameworks */,
			);
			name = Frameworks;
			sourceTree = "<group>";
		};
		6A88FA35150D613800FC3647 /* Other Frameworks */ = {
			isa = PBXGroup;
			children = (
				6A88FA36150D613800FC3647 /* AppKit.framework */,
				6A88FA37150D613800FC3647 /* CoreData.framework */,
				6A88FA38150D613800FC3647 /* Foundation.framework */,
			);
			name = "Other Frameworks";
			sourceTree = "<group>";
		};
		6A88FA39150D613800FC3647 /* peertalk */ = {
			isa = PBXGroup;
			children = (
				6A4010D515275E3800EF0E92 /* prefix.pch */,
				5E2C5023171F46A6008A9752 /* PTPrivate.h */,
				6ACFD2D4151D36220081ACF5 /* PTChannel.h */,
				6ACFD2D5151D36220081ACF5 /* PTChannel.m */,
				6A88FA5C150D61DE00FC3647 /* PTProtocol.h */,
				6A88FA5D150D61DE00FC3647 /* PTProtocol.m */,
				6A88FA5E150D61DE00FC3647 /* PTUSBHub.h */,
				6A88FA5F150D61DE00FC3647 /* PTUSBHub.m */,
			);
			path = peertalk;
			sourceTree = "<group>";
		};
		6A88FA4B150D613800FC3647 /* tests */ = {
			isa = PBXGroup;
			children = (
				6A88FA51150D613800FC3647 /* PTProtocolTests.h */,
				6A88FA52150D613800FC3647 /* PTProtocolTests.m */,
				6A88FA4C150D613800FC3647 /* Supporting Files */,
			);
			name = tests;
			path = "peertalk-tests";
			sourceTree = "<group>";
		};
		6A88FA4C150D613800FC3647 /* Supporting Files */ = {
			isa = PBXGroup;
			children = (
				6A88FA4D150D613800FC3647 /* peertalkTests-Info.plist */,
				6A88FA4E150D613800FC3647 /* InfoPlist.strings */,
			);
			name = "Supporting Files";
			sourceTree = "<group>";
		};
/* End PBXGroup section */

/* Begin PBXHeadersBuildPhase section */
		6A88FA2E150D613800FC3647 /* Headers */ = {
			isa = PBXHeadersBuildPhase;
			buildActionMask = 2147483647;
			files = (
				6A88FA60150D61DE00FC3647 /* PTProtocol.h in Headers */,
				6A88FA62150D61DE00FC3647 /* PTUSBHub.h in Headers */,
				6ACFD2D6151D36220081ACF5 /* PTChannel.h in Headers */,
				5E2C5024171F46A6008A9752 /* PTPrivate.h in Headers */,
			);
			runOnlyForDeploymentPostprocessing = 0;
		};
/* End PBXHeadersBuildPhase section */

/* Begin PBXNativeTarget section */
		6A64AAC5152604D40065BF86 /* Peertalk Example */ = {
			isa = PBXNativeTarget;
			buildConfigurationList = 6A64AADB152604D40065BF86 /* Build configuration list for PBXNativeTarget "Peertalk Example" */;
			buildPhases = (
				6A64AAC2152604D40065BF86 /* Sources */,
				6A64AAC3152604D40065BF86 /* Frameworks */,
				6A64AAC4152604D40065BF86 /* Resources */,
			);
			buildRules = (
			);
			dependencies = (
				6A64AB0415260B510065BF86 /* PBXTargetDependency */,
			);
			name = "Peertalk Example";
			productName = "Peertalk Example";
			productReference = 6A64AAC6152604D40065BF86 /* Peertalk Example.app */;
			productType = "com.apple.product-type.application";
		};
		6A64AAE11526050D0065BF86 /* Peertalk iOS Example */ = {
			isa = PBXNativeTarget;
			buildConfigurationList = 6A64AAFE1526050D0065BF86 /* Build configuration list for PBXNativeTarget "Peertalk iOS Example" */;
			buildPhases = (
				6A64AADE1526050D0065BF86 /* Sources */,
				6A64AADF1526050D0065BF86 /* Frameworks */,
				6A64AAE01526050D0065BF86 /* Resources */,
			);
			buildRules = (
			);
			dependencies = (
			);
			name = "Peertalk iOS Example";
			productName = "Peertalk iOS Example";
			productReference = 6A64AAE21526050D0065BF86 /* Peertalk iOS Example.app */;
			productType = "com.apple.product-type.application";
		};
		6A88FA2F150D613800FC3647 /* peertalk */ = {
			isa = PBXNativeTarget;
			buildConfigurationList = 6A88FA56150D613800FC3647 /* Build configuration list for PBXNativeTarget "peertalk" */;
			buildPhases = (
				6A88FA2C150D613800FC3647 /* Sources */,
				6A88FA2D150D613800FC3647 /* Frameworks */,
				6A88FA2E150D613800FC3647 /* Headers */,
			);
			buildRules = (
			);
			dependencies = (
			);
			name = peertalk;
			productName = rusbhub;
			productReference = 6A88FA30150D613800FC3647 /* libpeertalk.a */;
			productType = "com.apple.product-type.library.static";
		};
		6A88FA43150D613800FC3647 /* peertalkTests */ = {
			isa = PBXNativeTarget;
			buildConfigurationList = 6A88FA59150D613800FC3647 /* Build configuration list for PBXNativeTarget "peertalkTests" */;
			buildPhases = (
				6A88FA3F150D613800FC3647 /* Sources */,
				6A88FA40150D613800FC3647 /* Frameworks */,
				6A88FA41150D613800FC3647 /* Resources */,
				6A88FA42150D613800FC3647 /* ShellScript */,
			);
			buildRules = (
			);
			dependencies = (
				6A88FA49150D613800FC3647 /* PBXTargetDependency */,
			);
			name = peertalkTests;
			productName = rusbhubTests;
			productReference = 6A88FA44150D613800FC3647 /* peertalkTests.octest */;
			productType = "com.apple.product-type.bundle";
		};
/* End PBXNativeTarget section */

/* Begin PBXProject section */
		6A88FA27150D613800FC3647 /* Project object */ = {
			isa = PBXProject;
			attributes = {
				LastUpgradeCheck = 0430;
			};
			buildConfigurationList = 6A88FA2A150D613800FC3647 /* Build configuration list for PBXProject "peertalk" */;
			compatibilityVersion = "Xcode 3.2";
			developmentRegion = English;
			hasScannedForEncodings = 0;
			knownRegions = (
				en,
			);
			mainGroup = 6A88FA25150D613800FC3647;
			productRefGroup = 6A88FA31150D613800FC3647 /* Products */;
			projectDirPath = "";
			projectRoot = "";
			targets = (
				6A88FA2F150D613800FC3647 /* peertalk */,
				6A88FA43150D613800FC3647 /* peertalkTests */,
				6A64AAC5152604D40065BF86 /* Peertalk Example */,
				6A64AAE11526050D0065BF86 /* Peertalk iOS Example */,
			);
		};
/* End PBXProject section */

/* Begin PBXResourcesBuildPhase section */
		6A64AAC4152604D40065BF86 /* Resources */ = {
			isa = PBXResourcesBuildPhase;
			buildActionMask = 2147483647;
			files = (
				6A64AACE152604D40065BF86 /* InfoPlist.strings in Resources */,
				6A64AAD4152604D40065BF86 /* Credits.rtf in Resources */,
				6A64AADA152604D40065BF86 /* MainMenu.xib in Resources */,
				6A2E8E3D152749E0001B90E4 /* Icon.icns in Resources */,
			);
			runOnlyForDeploymentPostprocessing = 0;
		};
		6A64AAE01526050D0065BF86 /* Resources */ = {
			isa = PBXResourcesBuildPhase;
			buildActionMask = 2147483647;
			files = (
				6A64AAEE1526050D0065BF86 /* InfoPlist.strings in Resources */,
				6A64AAF71526050D0065BF86 /* MainStoryboard_iPhone.storyboard in Resources */,
				6A64AAFA1526050D0065BF86 /* MainStoryboard_iPad.storyboard in Resources */,
				6A2E8E351527411E001B90E4 /* Default@2x.png in Resources */,
				6A2E8E371527451D001B90E4 /* Icon-144@2x.png in Resources */,
				6A2E8E39152745EF001B90E4 /* Icon-72.png in Resources */,
				6A2E8E3B1527467E001B90E4 /* Icon-114@2x.png in Resources */,
			);
			runOnlyForDeploymentPostprocessing = 0;
		};
		6A88FA41150D613800FC3647 /* Resources */ = {
			isa = PBXResourcesBuildPhase;
			buildActionMask = 2147483647;
			files = (
				6A88FA50150D613800FC3647 /* InfoPlist.strings in Resources */,
			);
			runOnlyForDeploymentPostprocessing = 0;
		};
/* End PBXResourcesBuildPhase section */

/* Begin PBXShellScriptBuildPhase section */
		6A88FA42150D613800FC3647 /* ShellScript */ = {
			isa = PBXShellScriptBuildPhase;
			buildActionMask = 2147483647;
			files = (
			);
			inputPaths = (
			);
			outputPaths = (
			);
			runOnlyForDeploymentPostprocessing = 0;
			shellPath = /bin/sh;
			shellScript = "# Run the unit tests in this test bundle.\n\"${SYSTEM_DEVELOPER_DIR}/Tools/RunUnitTests\"\n";
		};
/* End PBXShellScriptBuildPhase section */

/* Begin PBXSourcesBuildPhase section */
		6A64AAC2152604D40065BF86 /* Sources */ = {
			isa = PBXSourcesBuildPhase;
			buildActionMask = 2147483647;
			files = (
				6A64AAD0152604D40065BF86 /* main.m in Sources */,
				6A64AAD7152604D40065BF86 /* PTAppDelegate.m in Sources */,
			);
			runOnlyForDeploymentPostprocessing = 0;
		};
		6A64AADE1526050D0065BF86 /* Sources */ = {
			isa = PBXSourcesBuildPhase;
			buildActionMask = 2147483647;
			files = (
				6A64AAF01526050D0065BF86 /* main.m in Sources */,
				6A64AAF41526050D0065BF86 /* PTAppDelegate.m in Sources */,
				6A64AAFD1526050D0065BF86 /* PTViewController.m in Sources */,
				6A64AB0815260E5C0065BF86 /* PTChannel.m in Sources */,
				6A64AB0915260E600065BF86 /* PTProtocol.m in Sources */,
			);
			runOnlyForDeploymentPostprocessing = 0;
		};
		6A88FA2C150D613800FC3647 /* Sources */ = {
			isa = PBXSourcesBuildPhase;
			buildActionMask = 2147483647;
			files = (
				6A88FA61150D61DE00FC3647 /* PTProtocol.m in Sources */,
				6A88FA63150D61DE00FC3647 /* PTUSBHub.m in Sources */,
				6ACFD2D7151D36220081ACF5 /* PTChannel.m in Sources */,
			);
			runOnlyForDeploymentPostprocessing = 0;
		};
		6A88FA3F150D613800FC3647 /* Sources */ = {
			isa = PBXSourcesBuildPhase;
			buildActionMask = 2147483647;
			files = (
				6A88FA53150D613800FC3647 /* PTProtocolTests.m in Sources */,
			);
			runOnlyForDeploymentPostprocessing = 0;
		};
/* End PBXSourcesBuildPhase section */

/* Begin PBXTargetDependency section */
		6A64AB0415260B510065BF86 /* PBXTargetDependency */ = {
			isa = PBXTargetDependency;
			target = 6A88FA2F150D613800FC3647 /* peertalk */;
			targetProxy = 6A64AB0315260B510065BF86 /* PBXContainerItemProxy */;
		};
		6A88FA49150D613800FC3647 /* PBXTargetDependency */ = {
			isa = PBXTargetDependency;
			target = 6A88FA2F150D613800FC3647 /* peertalk */;
			targetProxy = 6A88FA48150D613800FC3647 /* PBXContainerItemProxy */;
		};
/* End PBXTargetDependency section */

/* Begin PBXVariantGroup section */
		6A64AACC152604D40065BF86 /* InfoPlist.strings */ = {
			isa = PBXVariantGroup;
			children = (
				6A64AACD152604D40065BF86 /* en */,
			);
			name = InfoPlist.strings;
			sourceTree = "<group>";
		};
		6A64AAD2152604D40065BF86 /* Credits.rtf */ = {
			isa = PBXVariantGroup;
			children = (
				6A64AAD3152604D40065BF86 /* en */,
			);
			name = Credits.rtf;
			sourceTree = "<group>";
		};
		6A64AAD8152604D40065BF86 /* MainMenu.xib */ = {
			isa = PBXVariantGroup;
			children = (
				6A64AAD9152604D40065BF86 /* en */,
			);
			name = MainMenu.xib;
			sourceTree = "<group>";
		};
		6A64AAEC1526050D0065BF86 /* InfoPlist.strings */ = {
			isa = PBXVariantGroup;
			children = (
				6A64AAED1526050D0065BF86 /* en */,
			);
			name = InfoPlist.strings;
			sourceTree = "<group>";
		};
		6A64AAF51526050D0065BF86 /* MainStoryboard_iPhone.storyboard */ = {
			isa = PBXVariantGroup;
			children = (
				6A64AAF61526050D0065BF86 /* en */,
			);
			name = MainStoryboard_iPhone.storyboard;
			sourceTree = "<group>";
		};
		6A64AAF81526050D0065BF86 /* MainStoryboard_iPad.storyboard */ = {
			isa = PBXVariantGroup;
			children = (
				6A64AAF91526050D0065BF86 /* en */,
			);
			name = MainStoryboard_iPad.storyboard;
			sourceTree = "<group>";
		};
		6A88FA4E150D613800FC3647 /* InfoPlist.strings */ = {
			isa = PBXVariantGroup;
			children = (
				6A88FA4F150D613800FC3647 /* en */,
			);
			name = InfoPlist.strings;
			sourceTree = "<group>";
		};
/* End PBXVariantGroup section */

/* Begin XCBuildConfiguration section */
		6A64AADC152604D40065BF86 /* Debug */ = {
			isa = XCBuildConfiguration;
			buildSettings = {
				GCC_PRECOMPILE_PREFIX_HEADER = YES;
				GCC_PREFIX_HEADER = "Peertalk Example/Peertalk Example-Prefix.pch";
				INFOPLIST_FILE = "Peertalk Example/Peertalk Example-Info.plist";
				PRODUCT_NAME = "$(TARGET_NAME)";
				WRAPPER_EXTENSION = app;
			};
			name = Debug;
		};
		6A64AADD152604D40065BF86 /* Release */ = {
			isa = XCBuildConfiguration;
			buildSettings = {
				GCC_PRECOMPILE_PREFIX_HEADER = YES;
				GCC_PREFIX_HEADER = "Peertalk Example/Peertalk Example-Prefix.pch";
				INFOPLIST_FILE = "Peertalk Example/Peertalk Example-Info.plist";
				PRODUCT_NAME = "$(TARGET_NAME)";
				WRAPPER_EXTENSION = app;
			};
			name = Release;
		};
		6A64AAFF1526050D0065BF86 /* Debug */ = {
			isa = XCBuildConfiguration;
			buildSettings = {
				ARCHS = "$(ARCHS_STANDARD_32_BIT)";
				"CODE_SIGN_IDENTITY[sdk=iphoneos*]" = "iPhone Developer";
				FRAMEWORK_SEARCH_PATHS = (
					"$(inherited)",
					"\"$(SYSTEM_APPS_DIR)/Xcode.app/Contents/Developer/Library/Frameworks\"",
				);
				GCC_PRECOMPILE_PREFIX_HEADER = YES;
				GCC_PREFIX_HEADER = "Peertalk iOS Example/Peertalk iOS Example-Prefix.pch";
				INFOPLIST_FILE = "Peertalk iOS Example/Peertalk iOS Example-Info.plist";
				IPHONEOS_DEPLOYMENT_TARGET = 5.1;
				PRODUCT_NAME = "$(TARGET_NAME)";
				SDKROOT = iphoneos;
				TARGETED_DEVICE_FAMILY = "1,2";
				WRAPPER_EXTENSION = app;
			};
			name = Debug;
		};
		6A64AB001526050D0065BF86 /* Release */ = {
			isa = XCBuildConfiguration;
			buildSettings = {
				ARCHS = "$(ARCHS_STANDARD_32_BIT)";
				"CODE_SIGN_IDENTITY[sdk=iphoneos*]" = "iPhone Developer";
				FRAMEWORK_SEARCH_PATHS = (
					"$(inherited)",
					"\"$(SYSTEM_APPS_DIR)/Xcode.app/Contents/Developer/Library/Frameworks\"",
				);
				GCC_PRECOMPILE_PREFIX_HEADER = YES;
				GCC_PREFIX_HEADER = "Peertalk iOS Example/Peertalk iOS Example-Prefix.pch";
				INFOPLIST_FILE = "Peertalk iOS Example/Peertalk iOS Example-Info.plist";
				IPHONEOS_DEPLOYMENT_TARGET = 5.1;
				OTHER_CFLAGS = "-DNS_BLOCK_ASSERTIONS=1";
				PRODUCT_NAME = "$(TARGET_NAME)";
				SDKROOT = iphoneos;
				TARGETED_DEVICE_FAMILY = "1,2";
				VALIDATE_PRODUCT = YES;
				WRAPPER_EXTENSION = app;
			};
			name = Release;
		};
		6A88FA54150D613800FC3647 /* Debug */ = {
			isa = XCBuildConfiguration;
			buildSettings = {
				ALWAYS_SEARCH_USER_PATHS = NO;
				ARCHS = "$(ARCHS_STANDARD_64_BIT)";
				CLANG_ENABLE_OBJC_ARC = YES;
				COPY_PHASE_STRIP = NO;
				GCC_C_LANGUAGE_STANDARD = gnu99;
				GCC_DYNAMIC_NO_PIC = NO;
				GCC_ENABLE_OBJC_EXCEPTIONS = YES;
				GCC_OPTIMIZATION_LEVEL = 0;
				GCC_PREPROCESSOR_DEFINITIONS = (
					"DEBUG=1",
					"$(inherited)",
				);
				GCC_SYMBOLS_PRIVATE_EXTERN = NO;
				GCC_VERSION = com.apple.compilers.llvm.clang.1_0;
				GCC_WARN_64_TO_32_BIT_CONVERSION = YES;
				GCC_WARN_ABOUT_RETURN_TYPE = YES;
				GCC_WARN_UNINITIALIZED_AUTOS = YES;
				GCC_WARN_UNUSED_VARIABLE = YES;
				MACOSX_DEPLOYMENT_TARGET = 10.7;
				ONLY_ACTIVE_ARCH = YES;
				SDKROOT = macosx;
			};
			name = Debug;
		};
		6A88FA55150D613800FC3647 /* Release */ = {
			isa = XCBuildConfiguration;
			buildSettings = {
				ALWAYS_SEARCH_USER_PATHS = NO;
				ARCHS = "$(ARCHS_STANDARD_64_BIT)";
				CLANG_ENABLE_OBJC_ARC = YES;
				COPY_PHASE_STRIP = YES;
				DEBUG_INFORMATION_FORMAT = "dwarf-with-dsym";
				GCC_C_LANGUAGE_STANDARD = gnu99;
				GCC_ENABLE_OBJC_EXCEPTIONS = YES;
				GCC_VERSION = com.apple.compilers.llvm.clang.1_0;
				GCC_WARN_64_TO_32_BIT_CONVERSION = YES;
				GCC_WARN_ABOUT_RETURN_TYPE = YES;
				GCC_WARN_UNINITIALIZED_AUTOS = YES;
				GCC_WARN_UNUSED_VARIABLE = YES;
				MACOSX_DEPLOYMENT_TARGET = 10.7;
				SDKROOT = macosx;
			};
			name = Release;
		};
		6A88FA57150D613800FC3647 /* Debug */ = {
			isa = XCBuildConfiguration;
			buildSettings = {
				GCC_PRECOMPILE_PREFIX_HEADER = YES;
				GCC_PREFIX_HEADER = peertalk/prefix.pch;
				PRODUCT_NAME = peertalk;
			};
			name = Debug;
		};
		6A88FA58150D613800FC3647 /* Release */ = {
			isa = XCBuildConfiguration;
			buildSettings = {
				GCC_PRECOMPILE_PREFIX_HEADER = YES;
				GCC_PREFIX_HEADER = peertalk/prefix.pch;
				PRODUCT_NAME = peertalk;
			};
			name = Release;
		};
		6A88FA5A150D613800FC3647 /* Debug */ = {
			isa = XCBuildConfiguration;
			buildSettings = {
				FRAMEWORK_SEARCH_PATHS = "$(DEVELOPER_LIBRARY_DIR)/Frameworks";
				GCC_PRECOMPILE_PREFIX_HEADER = YES;
				GCC_PREFIX_HEADER = peertalk/prefix.pch;
				INFOPLIST_FILE = "peertalk-tests/peertalkTests-Info.plist";
				PRODUCT_NAME = peertalkTests;
				WRAPPER_EXTENSION = octest;
			};
			name = Debug;
		};
		6A88FA5B150D613800FC3647 /* Release */ = {
			isa = XCBuildConfiguration;
			buildSettings = {
				FRAMEWORK_SEARCH_PATHS = "$(DEVELOPER_LIBRARY_DIR)/Frameworks";
				GCC_PRECOMPILE_PREFIX_HEADER = YES;
				GCC_PREFIX_HEADER = peertalk/prefix.pch;
				INFOPLIST_FILE = "peertalk-tests/peertalkTests-Info.plist";
				PRODUCT_NAME = peertalkTests;
				WRAPPER_EXTENSION = octest;
			};
			name = Release;
		};
/* End XCBuildConfiguration section */

/* Begin XCConfigurationList section */
		6A64AADB152604D40065BF86 /* Build configuration list for PBXNativeTarget "Peertalk Example" */ = {
			isa = XCConfigurationList;
			buildConfigurations = (
				6A64AADC152604D40065BF86 /* Debug */,
				6A64AADD152604D40065BF86 /* Release */,
			);
			defaultConfigurationIsVisible = 0;
			defaultConfigurationName = Release;
		};
		6A64AAFE1526050D0065BF86 /* Build configuration list for PBXNativeTarget "Peertalk iOS Example" */ = {
			isa = XCConfigurationList;
			buildConfigurations = (
				6A64AAFF1526050D0065BF86 /* Debug */,
				6A64AB001526050D0065BF86 /* Release */,
			);
			defaultConfigurationIsVisible = 0;
			defaultConfigurationName = Release;
		};
		6A88FA2A150D613800FC3647 /* Build configuration list for PBXProject "peertalk" */ = {
			isa = XCConfigurationList;
			buildConfigurations = (
				6A88FA54150D613800FC3647 /* Debug */,
				6A88FA55150D613800FC3647 /* Release */,
			);
			defaultConfigurationIsVisible = 0;
			defaultConfigurationName = Release;
		};
		6A88FA56150D613800FC3647 /* Build configuration list for PBXNativeTarget "peertalk" */ = {
			isa = XCConfigurationList;
			buildConfigurations = (
				6A88FA57150D613800FC3647 /* Debug */,
				6A88FA58150D613800FC3647 /* Release */,
			);
			defaultConfigurationIsVisible = 0;
			defaultConfigurationName = Release;
		};
		6A88FA59150D613800FC3647 /* Build configuration list for PBXNativeTarget "peertalkTests" */ = {
			isa = XCConfigurationList;
			buildConfigurations = (
				6A88FA5A150D613800FC3647 /* Debug */,
				6A88FA5B150D613800FC3647 /* Release */,
			);
			defaultConfigurationIsVisible = 0;
			defaultConfigurationName = Release;
		};
/* End XCConfigurationList section */
	};
	rootObject = 6A88FA27150D613800FC3647 /* Project object */;
}
