// !$*UTF8*$!
{
   archiveVersion = "1";
   objectVersion = "46";
   objects = {
      "OBJ_1" = {
         isa = "PBXProject";
         attributes = {
            LastSwiftMigration = "9999";
            LastUpgradeCheck = "9999";
         };
         buildConfigurationList = "OBJ_2";
         compatibilityVersion = "Xcode 3.2";
         developmentRegion = "en";
         hasScannedForEncodings = "0";
         knownRegions = (
            "en"
         );
         mainGroup = "OBJ_5";
         productRefGroup = "OBJ_30";
         projectDirPath = ".";
         targets = (
            "Peertalk::Peertalk",
            "Peertalk::SwiftPMPackageDescription",
            "Peertalk::PeertalkPackageTests::ProductTarget",
            "Peertalk::PeertalkTests"
         );
      };
      "OBJ_10" = {
         isa = "PBXFileReference";
         path = "PTDefines.h";
         sourceTree = "<group>";
      };
      "OBJ_11" = {
         isa = "PBXFileReference";
         path = "PTPrivate.h";
         sourceTree = "<group>";
      };
      "OBJ_12" = {
         isa = "PBXFileReference";
         path = "PTProtocol.h";
         sourceTree = "<group>";
      };
      "OBJ_13" = {
         isa = "PBXFileReference";
         path = "PTUSBHub.h";
         sourceTree = "<group>";
      };
      "OBJ_14" = {
         isa = "PBXFileReference";
         path = "PTChannel.h";
         sourceTree = "<group>";
      };
      "OBJ_15" = {
         isa = "PBXFileReference";
         path = "Info.plist";
         sourceTree = "<group>";
      };
      "OBJ_16" = {
         isa = "PBXFileReference";
         path = "PTChannel.m";
         sourceTree = "<group>";
      };
      "OBJ_17" = {
         isa = "PBXFileReference";
         path = "PTProtocol.m";
         sourceTree = "<group>";
      };
      "OBJ_18" = {
         isa = "PBXFileReference";
         path = "PTUSBHub.m";
         sourceTree = "<group>";
      };
      "OBJ_19" = {
         isa = "PBXFileReference";
         path = "Peertalk.h";
         sourceTree = "<group>";
      };
      "OBJ_2" = {
         isa = "XCConfigurationList";
         buildConfigurations = (
            "OBJ_3",
            "OBJ_4"
         );
         defaultConfigurationIsVisible = "0";
         defaultConfigurationName = "Release";
      };
      "OBJ_20" = {
         isa = "PBXFileReference";
         path = "PTDefines.h";
         sourceTree = "<group>";
      };
      "OBJ_21" = {
         isa = "PBXFileReference";
         path = "PTPrivate.h";
         sourceTree = "<group>";
      };
      "OBJ_22" = {
         isa = "PBXFileReference";
         path = "PTProtocol.h";
         sourceTree = "<group>";
      };
      "OBJ_23" = {
         isa = "PBXFileReference";
         path = "PTUSBHub.h";
         sourceTree = "<group>";
      };
      "OBJ_24" = {
         isa = "PBXFileReference";
         path = "PTChannel.h";
         sourceTree = "<group>";
      };
      "OBJ_25" = {
         isa = "PBXGroup";
         children = (
            "OBJ_26"
         );
         name = "Tests";
         path = "";
         sourceTree = "SOURCE_ROOT";
      };
      "OBJ_26" = {
         isa = "PBXGroup";
         children = (
            "OBJ_27",
            "OBJ_28",
            "OBJ_29"
         );
         name = "PeertalkTests";
         path = "Tests/PeertalkTests";
         sourceTree = "SOURCE_ROOT";
      };
      "OBJ_27" = {
         isa = "PBXFileReference";
         path = "PTProtocolTests.h";
         sourceTree = "<group>";
      };
      "OBJ_28" = {
         isa = "PBXFileReference";
         path = "Info.plist";
         sourceTree = "<group>";
      };
      "OBJ_29" = {
         isa = "PBXFileReference";
         path = "PTProtocolTests.m";
         sourceTree = "<group>";
      };
      "OBJ_3" = {
         isa = "XCBuildConfiguration";
         buildSettings = {
            CLANG_ENABLE_OBJC_ARC = "YES";
            COMBINE_HIDPI_IMAGES = "YES";
            COPY_PHASE_STRIP = "NO";
            DEBUG_INFORMATION_FORMAT = "dwarf";
            DYLIB_INSTALL_NAME_BASE = "@rpath";
            ENABLE_NS_ASSERTIONS = "YES";
            GCC_OPTIMIZATION_LEVEL = "0";
            GCC_PREPROCESSOR_DEFINITIONS = (
               "$(inherited)",
               "SWIFT_PACKAGE=1",
               "DEBUG=1"
            );
            MACOSX_DEPLOYMENT_TARGET = "10.10";
            ONLY_ACTIVE_ARCH = "YES";
            OTHER_SWIFT_FLAGS = (
               "$(inherited)",
               "-DXcode"
            );
            PRODUCT_NAME = "$(TARGET_NAME)";
            SDKROOT = "macosx";
            SUPPORTED_PLATFORMS = (
               "$(AVAILABLE_PLATFORMS)"
            );
            SUPPORTS_MACCATALYST = "YES";
            SWIFT_ACTIVE_COMPILATION_CONDITIONS = (
               "$(inherited)",
               "SWIFT_PACKAGE",
               "DEBUG"
            );
            SWIFT_OPTIMIZATION_LEVEL = "-Onone";
            USE_HEADERMAP = "NO";
         };
         name = "Debug";
      };
      "OBJ_30" = {
         isa = "PBXGroup";
         children = (
            "Peertalk::Peertalk::Product",
            "Peertalk::PeertalkTests::Product"
         );
         name = "Products";
         path = "";
         sourceTree = "BUILT_PRODUCTS_DIR";
      };
      "OBJ_33" = {
         isa = "PBXFileReference";
         path = "Peertalk Swift Example";
         sourceTree = "SOURCE_ROOT";
      };
      "OBJ_34" = {
         isa = "PBXFileReference";
         path = "etc";
         sourceTree = "SOURCE_ROOT";
      };
      "OBJ_35" = {
         isa = "PBXFileReference";
         path = "Peertalk iOS Example";
         sourceTree = "SOURCE_ROOT";
      };
      "OBJ_36" = {
         isa = "PBXFileReference";
         path = "Peertalk macOS Example";
         sourceTree = "SOURCE_ROOT";
      };
      "OBJ_37" = {
         isa = "PBXFileReference";
         path = "index.html";
         sourceTree = "<group>";
      };
      "OBJ_38" = {
         isa = "PBXFileReference";
         path = "PeerTalk.podspec";
         sourceTree = "<group>";
      };
      "OBJ_39" = {
         isa = "PBXFileReference";
         path = "README.md";
         sourceTree = "<group>";
      };
      "OBJ_4" = {
         isa = "XCBuildConfiguration";
         buildSettings = {
            CLANG_ENABLE_OBJC_ARC = "YES";
            COMBINE_HIDPI_IMAGES = "YES";
            COPY_PHASE_STRIP = "YES";
            DEBUG_INFORMATION_FORMAT = "dwarf-with-dsym";
            DYLIB_INSTALL_NAME_BASE = "@rpath";
            GCC_OPTIMIZATION_LEVEL = "s";
            GCC_PREPROCESSOR_DEFINITIONS = (
               "$(inherited)",
               "SWIFT_PACKAGE=1"
            );
            MACOSX_DEPLOYMENT_TARGET = "10.10";
            OTHER_SWIFT_FLAGS = (
               "$(inherited)",
               "-DXcode"
            );
            PRODUCT_NAME = "$(TARGET_NAME)";
            SDKROOT = "macosx";
            SUPPORTED_PLATFORMS = (
               "$(AVAILABLE_PLATFORMS)"
            );
            SUPPORTS_MACCATALYST = "YES";
            SWIFT_ACTIVE_COMPILATION_CONDITIONS = (
               "$(inherited)",
               "SWIFT_PACKAGE"
            );
            SWIFT_OPTIMIZATION_LEVEL = "-Owholemodule";
            USE_HEADERMAP = "NO";
         };
         name = "Release";
      };
      "OBJ_40" = {
         isa = "PBXFileReference";
         path = "LICENSE.txt";
         sourceTree = "<group>";
      };
      "OBJ_42" = {
         isa = "XCConfigurationList";
         buildConfigurations = (
            "OBJ_43",
            "OBJ_44"
         );
         defaultConfigurationIsVisible = "0";
         defaultConfigurationName = "Release";
      };
      "OBJ_43" = {
         isa = "XCBuildConfiguration";
         buildSettings = {
            CLANG_ENABLE_MODULES = "YES";
            CURRENT_PROJECT_VERSION = "1";
            DEFINES_MODULE = "YES";
            DRIVERKIT_DEPLOYMENT_TARGET = "19.0";
            ENABLE_TESTABILITY = "YES";
            FRAMEWORK_SEARCH_PATHS = (
               "$(inherited)",
               "$(PLATFORM_DIR)/Developer/Library/Frameworks"
            );
            HEADER_SEARCH_PATHS = (
               "$(inherited)",
               "$(SRCROOT)/Sources/Peertalk"
            );
            INFOPLIST_FILE = "Peertalk.xcodeproj/Peertalk_Info.plist";
            IPHONEOS_DEPLOYMENT_TARGET = "9.0";
            LD_RUNPATH_SEARCH_PATHS = (
               "$(inherited)",
               "$(TOOLCHAIN_DIR)/usr/lib/swift/macosx"
            );
            MACOSX_DEPLOYMENT_TARGET = "10.10";
            OTHER_CFLAGS = (
               "$(inherited)"
            );
            OTHER_LDFLAGS = (
               "$(inherited)"
            );
            OTHER_SWIFT_FLAGS = (
               "$(inherited)"
            );
            PRODUCT_BUNDLE_IDENTIFIER = "Peertalk";
            PRODUCT_MODULE_NAME = "$(TARGET_NAME:c99extidentifier)";
            PRODUCT_NAME = "$(TARGET_NAME:c99extidentifier)";
            SKIP_INSTALL = "YES";
            SWIFT_ACTIVE_COMPILATION_CONDITIONS = (
               "$(inherited)"
            );
            TARGET_NAME = "Peertalk";
            TVOS_DEPLOYMENT_TARGET = "9.0";
            WATCHOS_DEPLOYMENT_TARGET = "2.0";
         };
         name = "Debug";
      };
      "OBJ_44" = {
         isa = "XCBuildConfiguration";
         buildSettings = {
            CLANG_ENABLE_MODULES = "YES";
            CURRENT_PROJECT_VERSION = "1";
            DEFINES_MODULE = "YES";
            DRIVERKIT_DEPLOYMENT_TARGET = "19.0";
            ENABLE_TESTABILITY = "YES";
            FRAMEWORK_SEARCH_PATHS = (
               "$(inherited)",
               "$(PLATFORM_DIR)/Developer/Library/Frameworks"
            );
            HEADER_SEARCH_PATHS = (
               "$(inherited)",
               "$(SRCROOT)/Sources/Peertalk"
            );
            INFOPLIST_FILE = "Peertalk.xcodeproj/Peertalk_Info.plist";
            IPHONEOS_DEPLOYMENT_TARGET = "9.0";
            LD_RUNPATH_SEARCH_PATHS = (
               "$(inherited)",
               "$(TOOLCHAIN_DIR)/usr/lib/swift/macosx"
            );
            MACOSX_DEPLOYMENT_TARGET = "10.10";
            OTHER_CFLAGS = (
               "$(inherited)"
            );
            OTHER_LDFLAGS = (
               "$(inherited)"
            );
            OTHER_SWIFT_FLAGS = (
               "$(inherited)"
            );
            PRODUCT_BUNDLE_IDENTIFIER = "Peertalk";
            PRODUCT_MODULE_NAME = "$(TARGET_NAME:c99extidentifier)";
            PRODUCT_NAME = "$(TARGET_NAME:c99extidentifier)";
            SKIP_INSTALL = "YES";
            SWIFT_ACTIVE_COMPILATION_CONDITIONS = (
               "$(inherited)"
            );
            TARGET_NAME = "Peertalk";
            TVOS_DEPLOYMENT_TARGET = "9.0";
            WATCHOS_DEPLOYMENT_TARGET = "2.0";
         };
         name = "Release";
      };
      "OBJ_45" = {
         isa = "PBXSourcesBuildPhase";
         files = (
            "OBJ_46",
            "OBJ_47",
            "OBJ_48"
         );
      };
      "OBJ_46" = {
         isa = "PBXBuildFile";
         fileRef = "OBJ_16";
      };
      "OBJ_47" = {
         isa = "PBXBuildFile";
         fileRef = "OBJ_17";
      };
      "OBJ_48" = {
         isa = "PBXBuildFile";
         fileRef = "OBJ_18";
      };
      "OBJ_49" = {
         isa = "PBXHeadersBuildPhase";
         files = (
            "OBJ_50",
            "OBJ_51",
            "OBJ_52",
            "OBJ_53",
            "OBJ_54",
            "OBJ_55",
            "OBJ_56",
            "OBJ_57",
            "OBJ_58",
            "OBJ_59",
            "OBJ_60",
            "OBJ_61",
            "OBJ_62",
            "OBJ_63",
            "OBJ_64",
            "OBJ_65"
         );
      };
      "OBJ_5" = {
         isa = "PBXGroup";
         children = (
            "OBJ_6",
            "OBJ_7",
            "OBJ_25",
            "OBJ_30",
            "OBJ_33",
            "OBJ_34",
            "OBJ_35",
            "OBJ_36",
            "OBJ_37",
            "OBJ_38",
            "OBJ_39",
            "OBJ_40"
         );
         path = "";
         sourceTree = "<group>";
      };
      "OBJ_50" = {
         isa = "PBXBuildFile";
         fileRef = "OBJ_9";
         settings = {
            ATTRIBUTES = (
               "Public"
            );
         };
      };
      "OBJ_51" = {
         isa = "PBXBuildFile";
         fileRef = "OBJ_10";
         settings = {
            ATTRIBUTES = (
               "Public"
            );
         };
      };
      "OBJ_52" = {
         isa = "PBXBuildFile";
         fileRef = "OBJ_11";
         settings = {
            ATTRIBUTES = (
               "Public"
            );
         };
      };
      "OBJ_53" = {
         isa = "PBXBuildFile";
         fileRef = "OBJ_12";
         settings = {
            ATTRIBUTES = (
               "Public"
            );
         };
      };
      "OBJ_54" = {
         isa = "PBXBuildFile";
         fileRef = "OBJ_13";
         settings = {
            ATTRIBUTES = (
               "Public"
            );
         };
      };
      "OBJ_55" = {
         isa = "PBXBuildFile";
         fileRef = "OBJ_14";
         settings = {
            ATTRIBUTES = (
               "Public"
            );
         };
      };
      "OBJ_56" = {
         isa = "PBXBuildFile";
         fileRef = "OBJ_15";
         settings = {
            ATTRIBUTES = (
               "Public"
            );
         };
      };
      "OBJ_57" = {
         isa = "PBXBuildFile";
         fileRef = "OBJ_16";
         settings = {
            ATTRIBUTES = (
               "Public"
            );
         };
      };
      "OBJ_58" = {
         isa = "PBXBuildFile";
         fileRef = "OBJ_17";
         settings = {
            ATTRIBUTES = (
               "Public"
            );
         };
      };
      "OBJ_59" = {
         isa = "PBXBuildFile";
         fileRef = "OBJ_18";
         settings = {
            ATTRIBUTES = (
               "Public"
            );
         };
      };
      "OBJ_6" = {
         isa = "PBXFileReference";
         explicitFileType = "sourcecode.swift";
         path = "Package.swift";
         sourceTree = "<group>";
      };
      "OBJ_60" = {
         isa = "PBXBuildFile";
         fileRef = "OBJ_19";
         settings = {
            ATTRIBUTES = (
               "Public"
            );
         };
      };
      "OBJ_61" = {
         isa = "PBXBuildFile";
         fileRef = "OBJ_20";
         settings = {
            ATTRIBUTES = (
               "Public"
            );
         };
      };
      "OBJ_62" = {
         isa = "PBXBuildFile";
         fileRef = "OBJ_21";
         settings = {
            ATTRIBUTES = (
               "Public"
            );
         };
      };
      "OBJ_63" = {
         isa = "PBXBuildFile";
         fileRef = "OBJ_22";
         settings = {
            ATTRIBUTES = (
               "Public"
            );
         };
      };
      "OBJ_64" = {
         isa = "PBXBuildFile";
         fileRef = "OBJ_23";
         settings = {
            ATTRIBUTES = (
               "Public"
            );
         };
      };
      "OBJ_65" = {
         isa = "PBXBuildFile";
         fileRef = "OBJ_24";
         settings = {
            ATTRIBUTES = (
               "Public"
            );
         };
      };
      "OBJ_66" = {
         isa = "PBXFrameworksBuildPhase";
         files = (
         );
      };
      "OBJ_68" = {
         isa = "XCConfigurationList";
         buildConfigurations = (
            "OBJ_69",
            "OBJ_70"
         );
         defaultConfigurationIsVisible = "0";
         defaultConfigurationName = "Release";
      };
      "OBJ_69" = {
         isa = "XCBuildConfiguration";
         buildSettings = {
            LD = "/usr/bin/true";
            OTHER_SWIFT_FLAGS = (
               "-swift-version",
               "5",
               "-I",
               "$(TOOLCHAIN_DIR)/usr/lib/swift/pm/ManifestAPI",
               "-sdk",
               "/Applications/Xcode.app/Contents/Developer/Platforms/MacOSX.platform/Developer/SDKs/MacOSX12.0.sdk",
               "-package-description-version",
               "5.5.0"
            );
            SWIFT_VERSION = "5.0";
         };
         name = "Debug";
      };
      "OBJ_7" = {
         isa = "PBXGroup";
         children = (
            "OBJ_8"
         );
         name = "Sources";
         path = "";
         sourceTree = "SOURCE_ROOT";
      };
      "OBJ_70" = {
         isa = "XCBuildConfiguration";
         buildSettings = {
            LD = "/usr/bin/true";
            OTHER_SWIFT_FLAGS = (
               "-swift-version",
               "5",
               "-I",
               "$(TOOLCHAIN_DIR)/usr/lib/swift/pm/ManifestAPI",
               "-sdk",
               "/Applications/Xcode.app/Contents/Developer/Platforms/MacOSX.platform/Developer/SDKs/MacOSX12.0.sdk",
               "-package-description-version",
               "5.5.0"
            );
            SWIFT_VERSION = "5.0";
         };
         name = "Release";
      };
      "OBJ_71" = {
         isa = "PBXSourcesBuildPhase";
         files = (
            "OBJ_72"
         );
      };
      "OBJ_72" = {
         isa = "PBXBuildFile";
         fileRef = "OBJ_6";
      };
      "OBJ_74" = {
         isa = "XCConfigurationList";
         buildConfigurations = (
            "OBJ_75",
            "OBJ_76"
         );
         defaultConfigurationIsVisible = "0";
         defaultConfigurationName = "Release";
      };
      "OBJ_75" = {
         isa = "XCBuildConfiguration";
         buildSettings = {
         };
         name = "Debug";
      };
      "OBJ_76" = {
         isa = "XCBuildConfiguration";
         buildSettings = {
         };
         name = "Release";
      };
      "OBJ_77" = {
         isa = "PBXTargetDependency";
         target = "Peertalk::PeertalkTests";
      };
      "OBJ_79" = {
         isa = "XCConfigurationList";
         buildConfigurations = (
            "OBJ_80",
            "OBJ_81"
         );
         defaultConfigurationIsVisible = "0";
         defaultConfigurationName = "Release";
      };
      "OBJ_8" = {
         isa = "PBXGroup";
         children = (
            "OBJ_9",
            "OBJ_10",
            "OBJ_11",
            "OBJ_12",
            "OBJ_13",
            "OBJ_14",
            "OBJ_15",
            "OBJ_16",
            "OBJ_17",
            "OBJ_18",
            "OBJ_19",
            "OBJ_20",
            "OBJ_21",
            "OBJ_22",
            "OBJ_23",
            "OBJ_24"
         );
         name = "Peertalk";
         path = "Sources/Peertalk";
         sourceTree = "SOURCE_ROOT";
      };
      "OBJ_80" = {
         isa = "XCBuildConfiguration";
         buildSettings = {
            CLANG_ENABLE_MODULES = "YES";
            CURRENT_PROJECT_VERSION = "1";
            DRIVERKIT_DEPLOYMENT_TARGET = "19.0";
            EMBEDDED_CONTENT_CONTAINS_SWIFT = "YES";
            FRAMEWORK_SEARCH_PATHS = (
               "$(inherited)",
               "$(PLATFORM_DIR)/Developer/Library/Frameworks"
            );
            HEADER_SEARCH_PATHS = (
               "$(inherited)",
               "$(SRCROOT)/Tests/PeertalkTests/include",
               "$(SRCROOT)/Sources/Peertalk"
            );
            INFOPLIST_FILE = "Peertalk.xcodeproj/PeertalkTests_Info.plist";
            IPHONEOS_DEPLOYMENT_TARGET = "14.0";
            LD_RUNPATH_SEARCH_PATHS = (
               "$(inherited)",
               "@loader_path/../Frameworks",
               "@loader_path/Frameworks"
            );
            MACOSX_DEPLOYMENT_TARGET = "11.0";
            OTHER_CFLAGS = (
               "$(inherited)"
            );
            OTHER_LDFLAGS = (
               "$(inherited)"
            );
            OTHER_SWIFT_FLAGS = (
               "$(inherited)"
            );
            SWIFT_ACTIVE_COMPILATION_CONDITIONS = (
               "$(inherited)"
            );
            TARGET_NAME = "PeertalkTests";
            TVOS_DEPLOYMENT_TARGET = "14.0";
            WATCHOS_DEPLOYMENT_TARGET = "7.0";
         };
         name = "Debug";
      };
      "OBJ_81" = {
         isa = "XCBuildConfiguration";
         buildSettings = {
            CLANG_ENABLE_MODULES = "YES";
            CURRENT_PROJECT_VERSION = "1";
            DRIVERKIT_DEPLOYMENT_TARGET = "19.0";
            EMBEDDED_CONTENT_CONTAINS_SWIFT = "YES";
            FRAMEWORK_SEARCH_PATHS = (
               "$(inherited)",
               "$(PLATFORM_DIR)/Developer/Library/Frameworks"
            );
            HEADER_SEARCH_PATHS = (
               "$(inherited)",
               "$(SRCROOT)/Tests/PeertalkTests/include",
               "$(SRCROOT)/Sources/Peertalk"
            );
            INFOPLIST_FILE = "Peertalk.xcodeproj/PeertalkTests_Info.plist";
            IPHONEOS_DEPLOYMENT_TARGET = "14.0";
            LD_RUNPATH_SEARCH_PATHS = (
               "$(inherited)",
               "@loader_path/../Frameworks",
               "@loader_path/Frameworks"
            );
            MACOSX_DEPLOYMENT_TARGET = "11.0";
            OTHER_CFLAGS = (
               "$(inherited)"
            );
            OTHER_LDFLAGS = (
               "$(inherited)"
            );
            OTHER_SWIFT_FLAGS = (
               "$(inherited)"
            );
            SWIFT_ACTIVE_COMPILATION_CONDITIONS = (
               "$(inherited)"
            );
            TARGET_NAME = "PeertalkTests";
            TVOS_DEPLOYMENT_TARGET = "14.0";
            WATCHOS_DEPLOYMENT_TARGET = "7.0";
         };
         name = "Release";
      };
      "OBJ_82" = {
         isa = "PBXSourcesBuildPhase";
         files = (
            "OBJ_83"
         );
      };
      "OBJ_83" = {
         isa = "PBXBuildFile";
         fileRef = "OBJ_29";
      };
      "OBJ_84" = {
         isa = "PBXFrameworksBuildPhase";
         files = (
            "OBJ_85"
         );
      };
      "OBJ_85" = {
         isa = "PBXBuildFile";
         fileRef = "Peertalk::Peertalk::Product";
      };
      "OBJ_86" = {
         isa = "PBXTargetDependency";
         target = "Peertalk::Peertalk";
      };
      "OBJ_9" = {
         isa = "PBXFileReference";
         path = "Peertalk.h";
         sourceTree = "<group>";
      };
      "Peertalk::Peertalk" = {
         isa = "PBXNativeTarget";
         buildConfigurationList = "OBJ_42";
         buildPhases = (
            "OBJ_45",
            "OBJ_49",
            "OBJ_66"
         );
         dependencies = (
         );
         name = "Peertalk";
         productName = "Peertalk";
         productReference = "Peertalk::Peertalk::Product";
         productType = "com.apple.product-type.framework";
      };
      "Peertalk::Peertalk::Product" = {
         isa = "PBXFileReference";
         path = "Peertalk.framework";
         sourceTree = "BUILT_PRODUCTS_DIR";
      };
      "Peertalk::PeertalkPackageTests::ProductTarget" = {
         isa = "PBXAggregateTarget";
         buildConfigurationList = "OBJ_74";
         buildPhases = (
         );
         dependencies = (
            "OBJ_77"
         );
         name = "PeertalkPackageTests";
         productName = "PeertalkPackageTests";
      };
      "Peertalk::PeertalkTests" = {
         isa = "PBXNativeTarget";
         buildConfigurationList = "OBJ_79";
         buildPhases = (
            "OBJ_82",
            "OBJ_84"
         );
         dependencies = (
            "OBJ_86"
         );
         name = "PeertalkTests";
         productName = "PeertalkTests";
         productReference = "Peertalk::PeertalkTests::Product";
         productType = "com.apple.product-type.bundle.unit-test";
      };
      "Peertalk::PeertalkTests::Product" = {
         isa = "PBXFileReference";
         path = "PeertalkTests.xctest";
         sourceTree = "BUILT_PRODUCTS_DIR";
      };
      "Peertalk::SwiftPMPackageDescription" = {
         isa = "PBXNativeTarget";
         buildConfigurationList = "OBJ_68";
         buildPhases = (
            "OBJ_71"
         );
         dependencies = (
         );
         name = "PeertalkPackageDescription";
         productName = "PeertalkPackageDescription";
         productType = "com.apple.product-type.framework";
      };
   };
   rootObject = "OBJ_1";
}
