// !$*UTF8*$!
{
	archiveVersion = 1;
	classes = {
	};
	objectVersion = 54;
	objects = {

/* Begin PBXBuildFile section */
		401B53DF2660CA260020FCA1 /* PTPrivate.h in Headers */ = {isa = PBXBuildFile; fileRef = 401B53DE2660CA260020FCA1 /* PTPrivate.h */; };
		401B53E02660CA260020FCA1 /* PTPrivate.h in Headers */ = {isa = PBXBuildFile; fileRef = 401B53DE2660CA260020FCA1 /* PTPrivate.h */; };
		4035B86F2660DCDF00331D86 /* PeerTalk.framework in Frameworks */ = {isa = PBXBuildFile; fileRef = AB6C9946257BB67A00D5624E /* PeerTalk.framework */; };
		4035B87E2660DE7A00331D86 /* PeerTalk.framework in Frameworks */ = {isa = PBXBuildFile; fileRef = AB6C995A257BB68D00D5624E /* PeerTalk.framework */; };
		40C1758A2660E75700C22F43 /* PeerTalk.h in Headers */ = {isa = PBXBuildFile; fileRef = 40C175882660E75300C22F43 /* PeerTalk.h */; settings = {ATTRIBUTES = (Public, ); }; };
		40C1758B2660E75700C22F43 /* PeerTalk.h in Headers */ = {isa = PBXBuildFile; fileRef = 40C175882660E75300C22F43 /* PeerTalk.h */; settings = {ATTRIBUTES = (Public, ); }; };
		AB6C996A257BB6E800D5624E /* PTDefines.h in Headers */ = {isa = PBXBuildFile; fileRef = AB1C5CA8257B96E200F41941 /* PTDefines.h */; settings = {ATTRIBUTES = (Public, ); }; };
		AB6C996C257BB6E800D5624E /* PTUSBHub.h in Headers */ = {isa = PBXBuildFile; fileRef = 6A88FA5E150D61DE00FC3647 /* PTUSBHub.h */; settings = {ATTRIBUTES = (Public, ); }; };
		AB6C996E257BB6E800D5624E /* PTChannel.m in Sources */ = {isa = PBXBuildFile; fileRef = 6ACFD2D5151D36220081ACF5 /* PTChannel.m */; };
		AB6C996F257BB6E800D5624E /* PTProtocol.m in Sources */ = {isa = PBXBuildFile; fileRef = 6A88FA5D150D61DE00FC3647 /* PTProtocol.m */; };
		AB6C9970257BB6E800D5624E /* PTChannel.h in Headers */ = {isa = PBXBuildFile; fileRef = 6ACFD2D4151D36220081ACF5 /* PTChannel.h */; settings = {ATTRIBUTES = (Public, ); }; };
		AB6C9971257BB6E800D5624E /* PTProtocol.h in Headers */ = {isa = PBXBuildFile; fileRef = 6A88FA5C150D61DE00FC3647 /* PTProtocol.h */; settings = {ATTRIBUTES = (Public, ); }; };
		AB6C9972257BB6E800D5624E /* PTUSBHub.m in Sources */ = {isa = PBXBuildFile; fileRef = 6A88FA5F150D61DE00FC3647 /* PTUSBHub.m */; };
		AB6C9973257BB6E900D5624E /* PTDefines.h in Headers */ = {isa = PBXBuildFile; fileRef = AB1C5CA8257B96E200F41941 /* PTDefines.h */; settings = {ATTRIBUTES = (Public, ); }; };
		AB6C9975257BB6E900D5624E /* PTUSBHub.h in Headers */ = {isa = PBXBuildFile; fileRef = 6A88FA5E150D61DE00FC3647 /* PTUSBHub.h */; settings = {ATTRIBUTES = (Public, ); }; };
		AB6C9977257BB6E900D5624E /* PTChannel.m in Sources */ = {isa = PBXBuildFile; fileRef = 6ACFD2D5151D36220081ACF5 /* PTChannel.m */; };
		AB6C9978257BB6E900D5624E /* PTProtocol.m in Sources */ = {isa = PBXBuildFile; fileRef = 6A88FA5D150D61DE00FC3647 /* PTProtocol.m */; };
		AB6C9979257BB6E900D5624E /* PTChannel.h in Headers */ = {isa = PBXBuildFile; fileRef = 6ACFD2D4151D36220081ACF5 /* PTChannel.h */; settings = {ATTRIBUTES = (Public, ); }; };
		AB6C997A257BB6E900D5624E /* PTProtocol.h in Headers */ = {isa = PBXBuildFile; fileRef = 6A88FA5C150D61DE00FC3647 /* PTProtocol.h */; settings = {ATTRIBUTES = (Public, ); }; };
		AB6C997B257BB6E900D5624E /* PTUSBHub.m in Sources */ = {isa = PBXBuildFile; fileRef = 6A88FA5F150D61DE00FC3647 /* PTUSBHub.m */; };
/* End PBXBuildFile section */

/* Begin PBXContainerItemProxy section */
		4035B8702660DCDF00331D86 /* PBXContainerItemProxy */ = {
			isa = PBXContainerItemProxy;
			containerPortal = 6A88FA27150D613800FC3647 /* Project object */;
			proxyType = 1;
			remoteGlobalIDString = AB6C9945257BB67A00D5624E;
			remoteInfo = "PeerTalk iOS";
		};
		4035B87F2660DE7A00331D86 /* PBXContainerItemProxy */ = {
			isa = PBXContainerItemProxy;
			containerPortal = 6A88FA27150D613800FC3647 /* Project object */;
			proxyType = 1;
			remoteGlobalIDString = AB6C9959257BB68D00D5624E;
			remoteInfo = "PeerTalk macOS";
		};
/* End PBXContainerItemProxy section */

/* Begin PBXFileReference section */
		401B53DE2660CA260020FCA1 /* PTPrivate.h */ = {isa = PBXFileReference; fileEncoding = 4; lastKnownFileType = sourcecode.c.h; path = PTPrivate.h; sourceTree = "<group>"; };
		4035B86A2660DCDF00331D86 /* PeerTalk iOS Tests.xctest */ = {isa = PBXFileReference; explicitFileType = wrapper.cfbundle; includeInIndex = 0; path = "PeerTalk iOS Tests.xctest"; sourceTree = BUILT_PRODUCTS_DIR; };
		4035B8792660DE7A00331D86 /* PeerTalk macOS Tests.xctest */ = {isa = PBXFileReference; explicitFileType = wrapper.cfbundle; includeInIndex = 0; path = "PeerTalk macOS Tests.xctest"; sourceTree = BUILT_PRODUCTS_DIR; };
		40C175882660E75300C22F43 /* PeerTalk.h */ = {isa = PBXFileReference; lastKnownFileType = sourcecode.c.h; name = PeerTalk.h; path = Framework/PeerTalk.h; sourceTree = "<group>"; };
		40C175892660E75300C22F43 /* Info.plist */ = {isa = PBXFileReference; lastKnownFileType = text.plist.xml; name = Info.plist; path = Framework/Info.plist; sourceTree = "<group>"; };
		40C1758C2660E79000C22F43 /* README.md */ = {isa = PBXFileReference; lastKnownFileType = net.daringfireball.markdown; path = README.md; sourceTree = "<group>"; };
		40C1758D2660E79800C22F43 /* PeerTalk.podspec */ = {isa = PBXFileReference; lastKnownFileType = text; path = PeerTalk.podspec; sourceTree = "<group>"; };
		40C1758E2660E79E00C22F43 /* Package.swift */ = {isa = PBXFileReference; lastKnownFileType = sourcecode.swift; path = Package.swift; sourceTree = "<group>"; };
		40C1758F2660E7A500C22F43 /* LICENSE.txt */ = {isa = PBXFileReference; lastKnownFileType = text; path = LICENSE.txt; sourceTree = "<group>"; };
		6A88FA51150D613800FC3647 /* PTProtocolTests.h */ = {isa = PBXFileReference; lastKnownFileType = sourcecode.c.h; path = PTProtocolTests.h; sourceTree = "<group>"; };
		6A88FA52150D613800FC3647 /* PTProtocolTests.m */ = {isa = PBXFileReference; lastKnownFileType = sourcecode.c.objc; path = PTProtocolTests.m; sourceTree = "<group>"; };
		6A88FA5C150D61DE00FC3647 /* PTProtocol.h */ = {isa = PBXFileReference; fileEncoding = 4; lastKnownFileType = sourcecode.c.h; path = PTProtocol.h; sourceTree = "<group>"; };
		6A88FA5D150D61DE00FC3647 /* PTProtocol.m */ = {isa = PBXFileReference; fileEncoding = 4; lastKnownFileType = sourcecode.c.objc; path = PTProtocol.m; sourceTree = "<group>"; };
		6A88FA5E150D61DE00FC3647 /* PTUSBHub.h */ = {isa = PBXFileReference; fileEncoding = 4; lastKnownFileType = sourcecode.c.h; path = PTUSBHub.h; sourceTree = "<group>"; };
		6A88FA5F150D61DE00FC3647 /* PTUSBHub.m */ = {isa = PBXFileReference; fileEncoding = 4; lastKnownFileType = sourcecode.c.objc; path = PTUSBHub.m; sourceTree = "<group>"; };
		6ACFD2D4151D36220081ACF5 /* PTChannel.h */ = {isa = PBXFileReference; fileEncoding = 4; lastKnownFileType = sourcecode.c.h; path = PTChannel.h; sourceTree = "<group>"; };
		6ACFD2D5151D36220081ACF5 /* PTChannel.m */ = {isa = PBXFileReference; fileEncoding = 4; lastKnownFileType = sourcecode.c.objc; path = PTChannel.m; sourceTree = "<group>"; };
		AB1C5CA8257B96E200F41941 /* PTDefines.h */ = {isa = PBXFileReference; lastKnownFileType = sourcecode.c.h; path = PTDefines.h; sourceTree = "<group>"; };
		AB6C9946257BB67A00D5624E /* PeerTalk.framework */ = {isa = PBXFileReference; explicitFileType = wrapper.framework; includeInIndex = 0; path = PeerTalk.framework; sourceTree = BUILT_PRODUCTS_DIR; };
		AB6C995A257BB68D00D5624E /* PeerTalk.framework */ = {isa = PBXFileReference; explicitFileType = wrapper.framework; includeInIndex = 0; path = PeerTalk.framework; sourceTree = BUILT_PRODUCTS_DIR; };
		AB6C9A3B257BDCEB00D5624E /* Cocoa.framework */ = {isa = PBXFileReference; lastKnownFileType = wrapper.framework; name = Cocoa.framework; path = System/Library/Frameworks/Cocoa.framework; sourceTree = SDKROOT; };
		AB6C9A3D257BDCF200D5624E /* QuartzCore.framework */ = {isa = PBXFileReference; lastKnownFileType = wrapper.framework; name = QuartzCore.framework; path = System/Library/Frameworks/QuartzCore.framework; sourceTree = SDKROOT; };
/* End PBXFileReference section */

/* Begin PBXFrameworksBuildPhase section */
		4035B8672660DCDF00331D86 /* Frameworks */ = {
			isa = PBXFrameworksBuildPhase;
			buildActionMask = 2147483647;
			files = (
				4035B86F2660DCDF00331D86 /* PeerTalk.framework in Frameworks */,
			);
			runOnlyForDeploymentPostprocessing = 0;
		};
		4035B8762660DE7A00331D86 /* Frameworks */ = {
			isa = PBXFrameworksBuildPhase;
			buildActionMask = 2147483647;
			files = (
				4035B87E2660DE7A00331D86 /* PeerTalk.framework in Frameworks */,
			);
			runOnlyForDeploymentPostprocessing = 0;
		};
		AB6C9943257BB67A00D5624E /* Frameworks */ = {
			isa = PBXFrameworksBuildPhase;
			buildActionMask = 2147483647;
			files = (
			);
			runOnlyForDeploymentPostprocessing = 0;
		};
		AB6C9957257BB68D00D5624E /* Frameworks */ = {
			isa = PBXFrameworksBuildPhase;
			buildActionMask = 2147483647;
			files = (
			);
			runOnlyForDeploymentPostprocessing = 0;
		};
/* End PBXFrameworksBuildPhase section */

/* Begin PBXGroup section */
		40C175822660E65D00C22F43 /* Supporting Files */ = {
			isa = PBXGroup;
			children = (
				40C175892660E75300C22F43 /* Info.plist */,
				40C175882660E75300C22F43 /* PeerTalk.h */,
				40C1758D2660E79800C22F43 /* PeerTalk.podspec */,
				40C1758E2660E79E00C22F43 /* Package.swift */,
				40C1758C2660E79000C22F43 /* README.md */,
				40C1758F2660E7A500C22F43 /* LICENSE.txt */,
			);
			name = "Supporting Files";
			sourceTree = "<group>";
		};
		6A88FA25150D613800FC3647 = {
			isa = PBXGroup;
			children = (
				6A88FA39150D613800FC3647 /* Sources */,
				6A88FA4B150D613800FC3647 /* Tests */,
				40C175822660E65D00C22F43 /* Supporting Files */,
				6A88FA31150D613800FC3647 /* Products */,
				AB6C99DC257BD89600D5624E /* Frameworks */,
			);
			sourceTree = "<group>";
		};
		6A88FA31150D613800FC3647 /* Products */ = {
			isa = PBXGroup;
			children = (
				AB6C9946257BB67A00D5624E /* PeerTalk.framework */,
				AB6C995A257BB68D00D5624E /* PeerTalk.framework */,
				4035B86A2660DCDF00331D86 /* PeerTalk iOS Tests.xctest */,
				4035B8792660DE7A00331D86 /* PeerTalk macOS Tests.xctest */,
			);
			name = Products;
			sourceTree = "<group>";
		};
		6A88FA39150D613800FC3647 /* Sources */ = {
			isa = PBXGroup;
			children = (
				401B53DE2660CA260020FCA1 /* PTPrivate.h */,
				AB1C5CA8257B96E200F41941 /* PTDefines.h */,
				6ACFD2D4151D36220081ACF5 /* PTChannel.h */,
				6ACFD2D5151D36220081ACF5 /* PTChannel.m */,
				6A88FA5C150D61DE00FC3647 /* PTProtocol.h */,
				6A88FA5D150D61DE00FC3647 /* PTProtocol.m */,
				6A88FA5E150D61DE00FC3647 /* PTUSBHub.h */,
				6A88FA5F150D61DE00FC3647 /* PTUSBHub.m */,
			);
			path = Sources;
			sourceTree = "<group>";
		};
		6A88FA4B150D613800FC3647 /* Tests */ = {
			isa = PBXGroup;
			children = (
				6A88FA51150D613800FC3647 /* PTProtocolTests.h */,
				6A88FA52150D613800FC3647 /* PTProtocolTests.m */,
			);
			path = Tests;
			sourceTree = "<group>";
		};
		AB6C99DC257BD89600D5624E /* Frameworks */ = {
			isa = PBXGroup;
			children = (
				AB6C9A3D257BDCF200D5624E /* QuartzCore.framework */,
				AB6C9A3B257BDCEB00D5624E /* Cocoa.framework */,
			);
			name = Frameworks;
			sourceTree = "<group>";
		};
/* End PBXGroup section */

/* Begin PBXHeadersBuildPhase section */
		AB6C9941257BB67A00D5624E /* Headers */ = {
			isa = PBXHeadersBuildPhase;
			buildActionMask = 2147483647;
			files = (
				401B53DF2660CA260020FCA1 /* PTPrivate.h in Headers */,
				AB6C996C257BB6E800D5624E /* PTUSBHub.h in Headers */,
				40C1758A2660E75700C22F43 /* PeerTalk.h in Headers */,
				AB6C9971257BB6E800D5624E /* PTProtocol.h in Headers */,
				AB6C996A257BB6E800D5624E /* PTDefines.h in Headers */,
				AB6C9970257BB6E800D5624E /* PTChannel.h in Headers */,
			);
			runOnlyForDeploymentPostprocessing = 0;
		};
		AB6C9955257BB68D00D5624E /* Headers */ = {
			isa = PBXHeadersBuildPhase;
			buildActionMask = 2147483647;
			files = (
				401B53E02660CA260020FCA1 /* PTPrivate.h in Headers */,
				AB6C9975257BB6E900D5624E /* PTUSBHub.h in Headers */,
				40C1758B2660E75700C22F43 /* PeerTalk.h in Headers */,
				AB6C997A257BB6E900D5624E /* PTProtocol.h in Headers */,
				AB6C9973257BB6E900D5624E /* PTDefines.h in Headers */,
				AB6C9979257BB6E900D5624E /* PTChannel.h in Headers */,
			);
			runOnlyForDeploymentPostprocessing = 0;
		};
/* End PBXHeadersBuildPhase section */

/* Begin PBXNativeTarget section */
		4035B8692660DCDF00331D86 /* PeerTalk iOS Tests */ = {
			isa = PBXNativeTarget;
			buildConfigurationList = 4035B8742660DCDF00331D86 /* Build configuration list for PBXNativeTarget "PeerTalk iOS Tests" */;
			buildPhases = (
				4035B8662660DCDF00331D86 /* Sources */,
				4035B8672660DCDF00331D86 /* Frameworks */,
				4035B8682660DCDF00331D86 /* Resources */,
			);
			buildRules = (
			);
			dependencies = (
				4035B8712660DCDF00331D86 /* PBXTargetDependency */,
			);
			name = "PeerTalk iOS Tests";
			productName = "PeerTalk iOS Tests";
			productReference = 4035B86A2660DCDF00331D86 /* PeerTalk iOS Tests.xctest */;
			productType = "com.apple.product-type.bundle.unit-test";
		};
		4035B8782660DE7A00331D86 /* PeerTalk macOS Tests */ = {
			isa = PBXNativeTarget;
			buildConfigurationList = 4035B8812660DE7A00331D86 /* Build configuration list for PBXNativeTarget "PeerTalk macOS Tests" */;
			buildPhases = (
				4035B8752660DE7A00331D86 /* Sources */,
				4035B8762660DE7A00331D86 /* Frameworks */,
				4035B8772660DE7A00331D86 /* Resources */,
			);
			buildRules = (
			);
			dependencies = (
				4035B8802660DE7A00331D86 /* PBXTargetDependency */,
			);
			name = "PeerTalk macOS Tests";
			productName = "PeerTalk macOS Tests";
			productReference = 4035B8792660DE7A00331D86 /* PeerTalk macOS Tests.xctest */;
			productType = "com.apple.product-type.bundle.unit-test";
		};
		AB6C9945257BB67A00D5624E /* PeerTalk iOS */ = {
			isa = PBXNativeTarget;
			buildConfigurationList = AB6C994F257BB67A00D5624E /* Build configuration list for PBXNativeTarget "PeerTalk iOS" */;
			buildPhases = (
				AB6C9941257BB67A00D5624E /* Headers */,
				AB6C9942257BB67A00D5624E /* Sources */,
				AB6C9943257BB67A00D5624E /* Frameworks */,
				AB6C9944257BB67A00D5624E /* Resources */,
			);
			buildRules = (
			);
			dependencies = (
			);
			name = "PeerTalk iOS";
			productName = "PeerTalk iOS";
			productReference = AB6C9946257BB67A00D5624E /* PeerTalk.framework */;
			productType = "com.apple.product-type.framework";
		};
		AB6C9959257BB68D00D5624E /* PeerTalk macOS */ = {
			isa = PBXNativeTarget;
			buildConfigurationList = AB6C9963257BB68D00D5624E /* Build configuration list for PBXNativeTarget "PeerTalk macOS" */;
			buildPhases = (
				AB6C9955257BB68D00D5624E /* Headers */,
				AB6C9956257BB68D00D5624E /* Sources */,
				AB6C9957257BB68D00D5624E /* Frameworks */,
				AB6C9958257BB68D00D5624E /* Resources */,
			);
			buildRules = (
			);
			dependencies = (
			);
			name = "PeerTalk macOS";
			productName = "PeerTalk macOS";
			productReference = AB6C995A257BB68D00D5624E /* PeerTalk.framework */;
			productType = "com.apple.product-type.framework";
		};
/* End PBXNativeTarget section */

/* Begin PBXProject section */
		6A88FA27150D613800FC3647 /* Project object */ = {
			isa = PBXProject;
			attributes = {
				LastSwiftUpdateCheck = 1230;
				LastUpgradeCheck = 1250;
				TargetAttributes = {
					4035B8692660DCDF00331D86 = {
						CreatedOnToolsVersion = 12.5;
					};
					4035B8782660DE7A00331D86 = {
						CreatedOnToolsVersion = 12.5;
					};
					AB6C9945257BB67A00D5624E = {
						CreatedOnToolsVersion = 12.3;
					};
					AB6C9959257BB68D00D5624E = {
						CreatedOnToolsVersion = 12.3;
					};
				};
			};
			buildConfigurationList = 6A88FA2A150D613800FC3647 /* Build configuration list for PBXProject "PeerTalk" */;
			compatibilityVersion = "Xcode 12.0";
			developmentRegion = en;
			hasScannedForEncodings = 0;
			knownRegions = (
				en,
				Base,
			);
			mainGroup = 6A88FA25150D613800FC3647;
			productRefGroup = 6A88FA31150D613800FC3647 /* Products */;
			projectDirPath = "";
			projectRoot = "";
			targets = (
				AB6C9945257BB67A00D5624E /* PeerTalk iOS */,
				AB6C9959257BB68D00D5624E /* PeerTalk macOS */,
				4035B8692660DCDF00331D86 /* PeerTalk iOS Tests */,
				4035B8782660DE7A00331D86 /* PeerTalk macOS Tests */,
			);
		};
/* End PBXProject section */

/* Begin PBXResourcesBuildPhase section */
		4035B8682660DCDF00331D86 /* Resources */ = {
			isa = PBXResourcesBuildPhase;
			buildActionMask = 2147483647;
			files = (
			);
			runOnlyForDeploymentPostprocessing = 0;
		};
		4035B8772660DE7A00331D86 /* Resources */ = {
			isa = PBXResourcesBuildPhase;
			buildActionMask = 2147483647;
			files = (
			);
			runOnlyForDeploymentPostprocessing = 0;
		};
		AB6C9944257BB67A00D5624E /* Resources */ = {
			isa = PBXResourcesBuildPhase;
			buildActionMask = 2147483647;
			files = (
			);
			runOnlyForDeploymentPostprocessing = 0;
		};
		AB6C9958257BB68D00D5624E /* Resources */ = {
			isa = PBXResourcesBuildPhase;
			buildActionMask = 2147483647;
			files = (
			);
			runOnlyForDeploymentPostprocessing = 0;
		};
/* End PBXResourcesBuildPhase section */

/* Begin PBXSourcesBuildPhase section */
		4035B8662660DCDF00331D86 /* Sources */ = {
			isa = PBXSourcesBuildPhase;
			buildActionMask = 2147483647;
			files = (
			);
			runOnlyForDeploymentPostprocessing = 0;
		};
		4035B8752660DE7A00331D86 /* Sources */ = {
			isa = PBXSourcesBuildPhase;
			buildActionMask = 2147483647;
			files = (
			);
			runOnlyForDeploymentPostprocessing = 0;
		};
		AB6C9942257BB67A00D5624E /* Sources */ = {
			isa = PBXSourcesBuildPhase;
			buildActionMask = 2147483647;
			files = (
				AB6C996E257BB6E800D5624E /* PTChannel.m in Sources */,
				AB6C9972257BB6E800D5624E /* PTUSBHub.m in Sources */,
				AB6C996F257BB6E800D5624E /* PTProtocol.m in Sources */,
			);
			runOnlyForDeploymentPostprocessing = 0;
		};
		AB6C9956257BB68D00D5624E /* Sources */ = {
			isa = PBXSourcesBuildPhase;
			buildActionMask = 2147483647;
			files = (
				AB6C9977257BB6E900D5624E /* PTChannel.m in Sources */,
				AB6C997B257BB6E900D5624E /* PTUSBHub.m in Sources */,
				AB6C9978257BB6E900D5624E /* PTProtocol.m in Sources */,
			);
			runOnlyForDeploymentPostprocessing = 0;
		};
/* End PBXSourcesBuildPhase section */

/* Begin PBXTargetDependency section */
		4035B8712660DCDF00331D86 /* PBXTargetDependency */ = {
			isa = PBXTargetDependency;
			target = AB6C9945257BB67A00D5624E /* PeerTalk iOS */;
			targetProxy = 4035B8702660DCDF00331D86 /* PBXContainerItemProxy */;
		};
		4035B8802660DE7A00331D86 /* PBXTargetDependency */ = {
			isa = PBXTargetDependency;
			target = AB6C9959257BB68D00D5624E /* PeerTalk macOS */;
			targetProxy = 4035B87F2660DE7A00331D86 /* PBXContainerItemProxy */;
		};
/* End PBXTargetDependency section */

/* Begin XCBuildConfiguration section */
		4035B8722660DCDF00331D86 /* Debug */ = {
			isa = XCBuildConfiguration;
			buildSettings = {
				CLANG_ANALYZER_NONNULL = YES;
				CLANG_ANALYZER_NUMBER_OBJECT_CONVERSION = YES_AGGRESSIVE;
				CLANG_CXX_LANGUAGE_STANDARD = "gnu++14";
				CLANG_CXX_LIBRARY = "libc++";
				CLANG_ENABLE_MODULES = YES;
				CLANG_ENABLE_OBJC_WEAK = YES;
				CLANG_WARN_DIRECT_OBJC_ISA_USAGE = YES_ERROR;
				CLANG_WARN_DOCUMENTATION_COMMENTS = YES;
				CLANG_WARN_OBJC_ROOT_CLASS = YES_ERROR;
				CLANG_WARN_UNGUARDED_AVAILABILITY = YES_AGGRESSIVE;
				"CODE_SIGN_IDENTITY[sdk=macosx*]" = "-";
				CODE_SIGN_STYLE = Automatic;
				DEBUG_INFORMATION_FORMAT = dwarf;
				DEVELOPMENT_TEAM = "";
				GCC_C_LANGUAGE_STANDARD = gnu11;
				GCC_WARN_ABOUT_RETURN_TYPE = YES_ERROR;
				GCC_WARN_UNINITIALIZED_AUTOS = YES_AGGRESSIVE;
				INFOPLIST_FILE = ./Tests/Info.plist;
				IPHONEOS_DEPLOYMENT_TARGET = 14.5;
				LD_RUNPATH_SEARCH_PATHS = (
					"$(inherited)",
					"@executable_path/Frameworks",
					"@loader_path/Frameworks",
				);
				MTL_ENABLE_DEBUG_INFO = INCLUDE_SOURCE;
				MTL_FAST_MATH = YES;
				PRODUCT_BUNDLE_IDENTIFIER = "me.rsms.peertalk.${PRODUCT_NAME:rfc1034identifier}";
				PRODUCT_NAME = "$(TARGET_NAME)";
				SDKROOT = iphoneos;
				TARGETED_DEVICE_FAMILY = "1,2";
			};
			name = Debug;
		};
		4035B8732660DCDF00331D86 /* Release */ = {
			isa = XCBuildConfiguration;
			buildSettings = {
				CLANG_ANALYZER_NONNULL = YES;
				CLANG_ANALYZER_NUMBER_OBJECT_CONVERSION = YES_AGGRESSIVE;
				CLANG_CXX_LANGUAGE_STANDARD = "gnu++14";
				CLANG_CXX_LIBRARY = "libc++";
				CLANG_ENABLE_MODULES = YES;
				CLANG_ENABLE_OBJC_WEAK = YES;
				CLANG_WARN_DIRECT_OBJC_ISA_USAGE = YES_ERROR;
				CLANG_WARN_DOCUMENTATION_COMMENTS = YES;
				CLANG_WARN_OBJC_ROOT_CLASS = YES_ERROR;
				CLANG_WARN_UNGUARDED_AVAILABILITY = YES_AGGRESSIVE;
				"CODE_SIGN_IDENTITY[sdk=macosx*]" = "-";
				CODE_SIGN_STYLE = Automatic;
				COPY_PHASE_STRIP = NO;
				DEVELOPMENT_TEAM = "";
				ENABLE_NS_ASSERTIONS = NO;
				GCC_C_LANGUAGE_STANDARD = gnu11;
				GCC_WARN_ABOUT_RETURN_TYPE = YES_ERROR;
				GCC_WARN_UNINITIALIZED_AUTOS = YES_AGGRESSIVE;
				INFOPLIST_FILE = ./Tests/Info.plist;
				IPHONEOS_DEPLOYMENT_TARGET = 14.5;
				LD_RUNPATH_SEARCH_PATHS = (
					"$(inherited)",
					"@executable_path/Frameworks",
					"@loader_path/Frameworks",
				);
				MTL_ENABLE_DEBUG_INFO = NO;
				MTL_FAST_MATH = YES;
				PRODUCT_BUNDLE_IDENTIFIER = "me.rsms.peertalk.${PRODUCT_NAME:rfc1034identifier}";
				PRODUCT_NAME = "$(TARGET_NAME)";
				SDKROOT = iphoneos;
				TARGETED_DEVICE_FAMILY = "1,2";
				VALIDATE_PRODUCT = YES;
			};
			name = Release;
		};
		4035B8822660DE7A00331D86 /* Debug */ = {
			isa = XCBuildConfiguration;
			buildSettings = {
				CLANG_ANALYZER_NONNULL = YES;
				CLANG_ANALYZER_NUMBER_OBJECT_CONVERSION = YES_AGGRESSIVE;
				CLANG_CXX_LANGUAGE_STANDARD = "gnu++14";
				CLANG_CXX_LIBRARY = "libc++";
				CLANG_ENABLE_MODULES = YES;
				CLANG_ENABLE_OBJC_WEAK = YES;
				CLANG_WARN_DIRECT_OBJC_ISA_USAGE = YES_ERROR;
				CLANG_WARN_DOCUMENTATION_COMMENTS = YES;
				CLANG_WARN_OBJC_ROOT_CLASS = YES_ERROR;
				CLANG_WARN_UNGUARDED_AVAILABILITY = YES_AGGRESSIVE;
				CODE_SIGN_IDENTITY = "-";
				CODE_SIGN_STYLE = Automatic;
				COMBINE_HIDPI_IMAGES = YES;
				DEBUG_INFORMATION_FORMAT = dwarf;
				DEVELOPMENT_TEAM = "";
				GCC_C_LANGUAGE_STANDARD = gnu11;
				GCC_WARN_ABOUT_RETURN_TYPE = YES_ERROR;
				GCC_WARN_UNINITIALIZED_AUTOS = YES_AGGRESSIVE;
				INFOPLIST_FILE = ./Tests/Info.plist;
				LD_RUNPATH_SEARCH_PATHS = (
					"$(inherited)",
					"@executable_path/../Frameworks",
					"@loader_path/../Frameworks",
				);
				MACOSX_DEPLOYMENT_TARGET = 11.3;
				MTL_ENABLE_DEBUG_INFO = INCLUDE_SOURCE;
				MTL_FAST_MATH = YES;
				PRODUCT_BUNDLE_IDENTIFIER = "me.rsms.peertalk.${PRODUCT_NAME:rfc1034identifier}";
				PRODUCT_NAME = "$(TARGET_NAME)";
			};
			name = Debug;
		};
		4035B8832660DE7A00331D86 /* Release */ = {
			isa = XCBuildConfiguration;
			buildSettings = {
				CLANG_ANALYZER_NONNULL = YES;
				CLANG_ANALYZER_NUMBER_OBJECT_CONVERSION = YES_AGGRESSIVE;
				CLANG_CXX_LANGUAGE_STANDARD = "gnu++14";
				CLANG_CXX_LIBRARY = "libc++";
				CLANG_ENABLE_MODULES = YES;
				CLANG_ENABLE_OBJC_WEAK = YES;
				CLANG_WARN_DIRECT_OBJC_ISA_USAGE = YES_ERROR;
				CLANG_WARN_DOCUMENTATION_COMMENTS = YES;
				CLANG_WARN_OBJC_ROOT_CLASS = YES_ERROR;
				CLANG_WARN_UNGUARDED_AVAILABILITY = YES_AGGRESSIVE;
				CODE_SIGN_IDENTITY = "-";
				CODE_SIGN_STYLE = Automatic;
				COMBINE_HIDPI_IMAGES = YES;
				COPY_PHASE_STRIP = NO;
				DEVELOPMENT_TEAM = "";
				ENABLE_NS_ASSERTIONS = NO;
				GCC_C_LANGUAGE_STANDARD = gnu11;
				GCC_WARN_ABOUT_RETURN_TYPE = YES_ERROR;
				GCC_WARN_UNINITIALIZED_AUTOS = YES_AGGRESSIVE;
				INFOPLIST_FILE = ./Tests/Info.plist;
				LD_RUNPATH_SEARCH_PATHS = (
					"$(inherited)",
					"@executable_path/../Frameworks",
					"@loader_path/../Frameworks",
				);
				MACOSX_DEPLOYMENT_TARGET = 11.3;
				MTL_ENABLE_DEBUG_INFO = NO;
				MTL_FAST_MATH = YES;
				PRODUCT_BUNDLE_IDENTIFIER = "me.rsms.peertalk.${PRODUCT_NAME:rfc1034identifier}";
				PRODUCT_NAME = "$(TARGET_NAME)";
			};
			name = Release;
		};
		6A88FA54150D613800FC3647 /* Debug */ = {
			isa = XCBuildConfiguration;
			buildSettings = {
				ALWAYS_SEARCH_USER_PATHS = NO;
				CLANG_ANALYZER_LOCALIZABILITY_NONLOCALIZED = YES;
				CLANG_ENABLE_OBJC_ARC = YES;
				CLANG_WARN_BLOCK_CAPTURE_AUTORELEASING = YES;
				CLANG_WARN_BOOL_CONVERSION = YES;
				CLANG_WARN_COMMA = YES;
				CLANG_WARN_CONSTANT_CONVERSION = YES;
				CLANG_WARN_DEPRECATED_OBJC_IMPLEMENTATIONS = YES;
				CLANG_WARN_EMPTY_BODY = YES;
				CLANG_WARN_ENUM_CONVERSION = YES;
				CLANG_WARN_INFINITE_RECURSION = YES;
				CLANG_WARN_INT_CONVERSION = YES;
				CLANG_WARN_NON_LITERAL_NULL_CONVERSION = YES;
				CLANG_WARN_OBJC_IMPLICIT_RETAIN_SELF = YES;
				CLANG_WARN_OBJC_LITERAL_CONVERSION = YES;
				CLANG_WARN_QUOTED_INCLUDE_IN_FRAMEWORK_HEADER = NO;
				CLANG_WARN_RANGE_LOOP_ANALYSIS = YES;
				CLANG_WARN_STRICT_PROTOTYPES = YES;
				CLANG_WARN_SUSPICIOUS_MOVE = YES;
				CLANG_WARN_UNREACHABLE_CODE = YES;
				CLANG_WARN__DUPLICATE_METHOD_MATCH = YES;
				COPY_PHASE_STRIP = NO;
				ENABLE_STRICT_OBJC_MSGSEND = YES;
				ENABLE_TESTABILITY = YES;
				GCC_C_LANGUAGE_STANDARD = gnu99;
				GCC_DYNAMIC_NO_PIC = NO;
				GCC_ENABLE_OBJC_EXCEPTIONS = YES;
				GCC_NO_COMMON_BLOCKS = YES;
				GCC_OPTIMIZATION_LEVEL = 0;
				GCC_PREPROCESSOR_DEFINITIONS = (
					"DEBUG=1",
					"$(inherited)",
				);
				GCC_SYMBOLS_PRIVATE_EXTERN = NO;
				GCC_VERSION = com.apple.compilers.llvm.clang.1_0;
				GCC_WARN_64_TO_32_BIT_CONVERSION = YES;
				GCC_WARN_ABOUT_RETURN_TYPE = YES;
				GCC_WARN_UNDECLARED_SELECTOR = YES;
				GCC_WARN_UNINITIALIZED_AUTOS = YES;
				GCC_WARN_UNUSED_FUNCTION = YES;
				GCC_WARN_UNUSED_VARIABLE = YES;
				MODULEMAP_FILE = "$(PROJECT_DIR)/Framework/module.modulemap";
				ONLY_ACTIVE_ARCH = YES;
				SDKROOT = macosx;
			};
			name = Debug;
		};
		6A88FA55150D613800FC3647 /* Release */ = {
			isa = XCBuildConfiguration;
			buildSettings = {
				ALWAYS_SEARCH_USER_PATHS = NO;
				CLANG_ANALYZER_LOCALIZABILITY_NONLOCALIZED = YES;
				CLANG_ENABLE_OBJC_ARC = YES;
				CLANG_WARN_BLOCK_CAPTURE_AUTORELEASING = YES;
				CLANG_WARN_BOOL_CONVERSION = YES;
				CLANG_WARN_COMMA = YES;
				CLANG_WARN_CONSTANT_CONVERSION = YES;
				CLANG_WARN_DEPRECATED_OBJC_IMPLEMENTATIONS = YES;
				CLANG_WARN_EMPTY_BODY = YES;
				CLANG_WARN_ENUM_CONVERSION = YES;
				CLANG_WARN_INFINITE_RECURSION = YES;
				CLANG_WARN_INT_CONVERSION = YES;
				CLANG_WARN_NON_LITERAL_NULL_CONVERSION = YES;
				CLANG_WARN_OBJC_IMPLICIT_RETAIN_SELF = YES;
				CLANG_WARN_OBJC_LITERAL_CONVERSION = YES;
				CLANG_WARN_QUOTED_INCLUDE_IN_FRAMEWORK_HEADER = NO;
				CLANG_WARN_RANGE_LOOP_ANALYSIS = YES;
				CLANG_WARN_STRICT_PROTOTYPES = YES;
				CLANG_WARN_SUSPICIOUS_MOVE = YES;
				CLANG_WARN_UNREACHABLE_CODE = YES;
				CLANG_WARN__DUPLICATE_METHOD_MATCH = YES;
				COPY_PHASE_STRIP = YES;
				DEBUG_INFORMATION_FORMAT = "dwarf-with-dsym";
				ENABLE_STRICT_OBJC_MSGSEND = YES;
				GCC_C_LANGUAGE_STANDARD = gnu99;
				GCC_ENABLE_OBJC_EXCEPTIONS = YES;
				GCC_NO_COMMON_BLOCKS = YES;
				GCC_VERSION = com.apple.compilers.llvm.clang.1_0;
				GCC_WARN_64_TO_32_BIT_CONVERSION = YES;
				GCC_WARN_ABOUT_RETURN_TYPE = YES;
				GCC_WARN_UNDECLARED_SELECTOR = YES;
				GCC_WARN_UNINITIALIZED_AUTOS = YES;
				GCC_WARN_UNUSED_FUNCTION = YES;
				GCC_WARN_UNUSED_VARIABLE = YES;
				MODULEMAP_FILE = "$(PROJECT_DIR)/Framework/module.modulemap";
				SDKROOT = macosx;
				SWIFT_COMPILATION_MODE = wholemodule;
			};
			name = Release;
		};
		AB6C9950257BB67A00D5624E /* Debug */ = {
			isa = XCBuildConfiguration;
			buildSettings = {
				CLANG_ANALYZER_NONNULL = YES;
				CLANG_ANALYZER_NUMBER_OBJECT_CONVERSION = YES_AGGRESSIVE;
				CLANG_CXX_LANGUAGE_STANDARD = "gnu++14";
				CLANG_CXX_LIBRARY = "libc++";
				CLANG_ENABLE_MODULES = YES;
				CLANG_ENABLE_OBJC_WEAK = YES;
				CLANG_WARN_DIRECT_OBJC_ISA_USAGE = YES_ERROR;
				CLANG_WARN_DOCUMENTATION_COMMENTS = YES;
				CLANG_WARN_OBJC_ROOT_CLASS = YES_ERROR;
				CLANG_WARN_UNGUARDED_AVAILABILITY = YES_AGGRESSIVE;
				CODE_SIGN_IDENTITY = "Apple Development";
				"CODE_SIGN_IDENTITY[sdk=macosx*]" = "Apple Development";
				CODE_SIGN_STYLE = Automatic;
				CURRENT_PROJECT_VERSION = 1;
				DEBUG_INFORMATION_FORMAT = dwarf;
				DEFINES_MODULE = YES;
				DEVELOPMENT_TEAM = "";
				DYLIB_COMPATIBILITY_VERSION = 1;
				DYLIB_CURRENT_VERSION = 1;
				DYLIB_INSTALL_NAME_BASE = "@rpath";
				GCC_C_LANGUAGE_STANDARD = gnu11;
				GCC_WARN_ABOUT_RETURN_TYPE = YES_ERROR;
				GCC_WARN_UNINITIALIZED_AUTOS = YES_AGGRESSIVE;
				INFOPLIST_FILE = ./Framework/Info.plist;
				INSTALL_PATH = "$(LOCAL_LIBRARY_DIR)/Frameworks";
				IPHONEOS_DEPLOYMENT_TARGET = 14.2;
				LD_RUNPATH_SEARCH_PATHS = (
					"$(inherited)",
					"@executable_path/Frameworks",
					"@loader_path/Frameworks",
				);
				MARKETING_VERSION = 2.0;
				MTL_ENABLE_DEBUG_INFO = INCLUDE_SOURCE;
				MTL_FAST_MATH = YES;
				PRODUCT_BUNDLE_IDENTIFIER = me.rsms.peertalk;
				PRODUCT_NAME = PeerTalk;
				PROVISIONING_PROFILE_SPECIFIER = "";
				"PROVISIONING_PROFILE_SPECIFIER[sdk=macosx*]" = "";
				SDKROOT = iphoneos;
				SKIP_INSTALL = YES;
				SWIFT_ACTIVE_COMPILATION_CONDITIONS = DEBUG;
				SWIFT_OPTIMIZATION_LEVEL = "-Onone";
				SWIFT_VERSION = 5.0;
				TARGETED_DEVICE_FAMILY = "1,2";
				VERSIONING_SYSTEM = "apple-generic";
				VERSION_INFO_PREFIX = "";
			};
			name = Debug;
		};
		AB6C9951257BB67A00D5624E /* Release */ = {
			isa = XCBuildConfiguration;
			buildSettings = {
				CLANG_ANALYZER_NONNULL = YES;
				CLANG_ANALYZER_NUMBER_OBJECT_CONVERSION = YES_AGGRESSIVE;
				CLANG_CXX_LANGUAGE_STANDARD = "gnu++14";
				CLANG_CXX_LIBRARY = "libc++";
				CLANG_ENABLE_MODULES = YES;
				CLANG_ENABLE_OBJC_WEAK = YES;
				CLANG_WARN_DIRECT_OBJC_ISA_USAGE = YES_ERROR;
				CLANG_WARN_DOCUMENTATION_COMMENTS = YES;
				CLANG_WARN_OBJC_ROOT_CLASS = YES_ERROR;
				CLANG_WARN_UNGUARDED_AVAILABILITY = YES_AGGRESSIVE;
				CODE_SIGN_IDENTITY = "Apple Development";
				"CODE_SIGN_IDENTITY[sdk=macosx*]" = "Apple Development";
				CODE_SIGN_STYLE = Automatic;
				COPY_PHASE_STRIP = NO;
				CURRENT_PROJECT_VERSION = 1;
				DEFINES_MODULE = YES;
				DEVELOPMENT_TEAM = "";
				DYLIB_COMPATIBILITY_VERSION = 1;
				DYLIB_CURRENT_VERSION = 1;
				DYLIB_INSTALL_NAME_BASE = "@rpath";
				ENABLE_NS_ASSERTIONS = NO;
				GCC_C_LANGUAGE_STANDARD = gnu11;
				GCC_WARN_ABOUT_RETURN_TYPE = YES_ERROR;
				GCC_WARN_UNINITIALIZED_AUTOS = YES_AGGRESSIVE;
				INFOPLIST_FILE = ./Framework/Info.plist;
				INSTALL_PATH = "$(LOCAL_LIBRARY_DIR)/Frameworks";
				IPHONEOS_DEPLOYMENT_TARGET = 14.2;
				LD_RUNPATH_SEARCH_PATHS = (
					"$(inherited)",
					"@executable_path/Frameworks",
					"@loader_path/Frameworks",
				);
				MARKETING_VERSION = 2.0;
				MTL_ENABLE_DEBUG_INFO = NO;
				MTL_FAST_MATH = YES;
				PRODUCT_BUNDLE_IDENTIFIER = me.rsms.peertalk;
				PRODUCT_NAME = PeerTalk;
				PROVISIONING_PROFILE_SPECIFIER = "";
				"PROVISIONING_PROFILE_SPECIFIER[sdk=macosx*]" = "";
				SDKROOT = iphoneos;
				SKIP_INSTALL = YES;
				SWIFT_COMPILATION_MODE = wholemodule;
				SWIFT_OPTIMIZATION_LEVEL = "-O";
				SWIFT_VERSION = 5.0;
				TARGETED_DEVICE_FAMILY = "1,2";
				VALIDATE_PRODUCT = YES;
				VERSIONING_SYSTEM = "apple-generic";
				VERSION_INFO_PREFIX = "";
			};
			name = Release;
		};
		AB6C9964257BB68D00D5624E /* Debug */ = {
			isa = XCBuildConfiguration;
			buildSettings = {
				CLANG_ANALYZER_NONNULL = YES;
				CLANG_ANALYZER_NUMBER_OBJECT_CONVERSION = YES_AGGRESSIVE;
				CLANG_CXX_LANGUAGE_STANDARD = "gnu++14";
				CLANG_CXX_LIBRARY = "libc++";
				CLANG_ENABLE_MODULES = YES;
				CLANG_ENABLE_OBJC_WEAK = YES;
				CLANG_WARN_DIRECT_OBJC_ISA_USAGE = YES_ERROR;
				CLANG_WARN_DOCUMENTATION_COMMENTS = YES;
				CLANG_WARN_OBJC_ROOT_CLASS = YES_ERROR;
				CLANG_WARN_UNGUARDED_AVAILABILITY = YES_AGGRESSIVE;
				CODE_SIGN_IDENTITY = "Apple Development";
				CODE_SIGN_STYLE = Automatic;
				CURRENT_PROJECT_VERSION = 1;
				DEBUG_INFORMATION_FORMAT = dwarf;
				DEFINES_MODULE = YES;
				DEVELOPMENT_TEAM = "";
				DYLIB_COMPATIBILITY_VERSION = 1;
				DYLIB_CURRENT_VERSION = 1;
				DYLIB_INSTALL_NAME_BASE = "@rpath";
				GCC_C_LANGUAGE_STANDARD = gnu11;
				GCC_WARN_ABOUT_RETURN_TYPE = YES_ERROR;
				GCC_WARN_UNINITIALIZED_AUTOS = YES_AGGRESSIVE;
				INFOPLIST_FILE = ./Framework/Info.plist;
				INSTALL_PATH = "$(LOCAL_LIBRARY_DIR)/Frameworks";
				IPHONEOS_DEPLOYMENT_TARGET = 14.2;
				LD_RUNPATH_SEARCH_PATHS = (
					"$(inherited)",
					"@executable_path/Frameworks",
					"@loader_path/Frameworks",
				);
				MACOSX_DEPLOYMENT_TARGET = 11.0;
				MARKETING_VERSION = 2.0;
				MTL_ENABLE_DEBUG_INFO = INCLUDE_SOURCE;
				MTL_FAST_MATH = YES;
				PRODUCT_BUNDLE_IDENTIFIER = me.rsms.peertalk;
				PRODUCT_NAME = PeerTalk;
				PROVISIONING_PROFILE_SPECIFIER = "";
				SDKROOT = macosx;
				SKIP_INSTALL = YES;
				SUPPORTS_MACCATALYST = NO;
				SWIFT_ACTIVE_COMPILATION_CONDITIONS = DEBUG;
				SWIFT_OPTIMIZATION_LEVEL = "-Onone";
				SWIFT_VERSION = 5.0;
				VERSIONING_SYSTEM = "apple-generic";
				VERSION_INFO_PREFIX = "";
			};
			name = Debug;
		};
		AB6C9965257BB68D00D5624E /* Release */ = {
			isa = XCBuildConfiguration;
			buildSettings = {
				CLANG_ANALYZER_NONNULL = YES;
				CLANG_ANALYZER_NUMBER_OBJECT_CONVERSION = YES_AGGRESSIVE;
				CLANG_CXX_LANGUAGE_STANDARD = "gnu++14";
				CLANG_CXX_LIBRARY = "libc++";
				CLANG_ENABLE_MODULES = YES;
				CLANG_ENABLE_OBJC_WEAK = YES;
				CLANG_WARN_DIRECT_OBJC_ISA_USAGE = YES_ERROR;
				CLANG_WARN_DOCUMENTATION_COMMENTS = YES;
				CLANG_WARN_OBJC_ROOT_CLASS = YES_ERROR;
				CLANG_WARN_UNGUARDED_AVAILABILITY = YES_AGGRESSIVE;
				CODE_SIGN_IDENTITY = "Apple Development";
				CODE_SIGN_STYLE = Automatic;
				COPY_PHASE_STRIP = NO;
				CURRENT_PROJECT_VERSION = 1;
				DEFINES_MODULE = YES;
				DEVELOPMENT_TEAM = "";
				DYLIB_COMPATIBILITY_VERSION = 1;
				DYLIB_CURRENT_VERSION = 1;
				DYLIB_INSTALL_NAME_BASE = "@rpath";
				ENABLE_NS_ASSERTIONS = NO;
				GCC_C_LANGUAGE_STANDARD = gnu11;
				GCC_WARN_ABOUT_RETURN_TYPE = YES_ERROR;
				GCC_WARN_UNINITIALIZED_AUTOS = YES_AGGRESSIVE;
				INFOPLIST_FILE = ./Framework/Info.plist;
				INSTALL_PATH = "$(LOCAL_LIBRARY_DIR)/Frameworks";
				IPHONEOS_DEPLOYMENT_TARGET = 14.2;
				LD_RUNPATH_SEARCH_PATHS = (
					"$(inherited)",
					"@executable_path/Frameworks",
					"@loader_path/Frameworks",
				);
				MACOSX_DEPLOYMENT_TARGET = 11.0;
				MARKETING_VERSION = 2.0;
				MTL_ENABLE_DEBUG_INFO = NO;
				MTL_FAST_MATH = YES;
				PRODUCT_BUNDLE_IDENTIFIER = me.rsms.peertalk;
				PRODUCT_NAME = PeerTalk;
				PROVISIONING_PROFILE_SPECIFIER = "";
				SDKROOT = macosx;
				SKIP_INSTALL = YES;
				SUPPORTS_MACCATALYST = NO;
				SWIFT_COMPILATION_MODE = wholemodule;
				SWIFT_OPTIMIZATION_LEVEL = "-O";
				SWIFT_VERSION = 5.0;
				VALIDATE_PRODUCT = YES;
				VERSIONING_SYSTEM = "apple-generic";
				VERSION_INFO_PREFIX = "";
			};
			name = Release;
		};
/* End XCBuildConfiguration section */

/* Begin XCConfigurationList section */
		4035B8742660DCDF00331D86 /* Build configuration list for PBXNativeTarget "PeerTalk iOS Tests" */ = {
			isa = XCConfigurationList;
			buildConfigurations = (
				4035B8722660DCDF00331D86 /* Debug */,
				4035B8732660DCDF00331D86 /* Release */,
			);
			defaultConfigurationIsVisible = 0;
			defaultConfigurationName = Release;
		};
		4035B8812660DE7A00331D86 /* Build configuration list for PBXNativeTarget "PeerTalk macOS Tests" */ = {
			isa = XCConfigurationList;
			buildConfigurations = (
				4035B8822660DE7A00331D86 /* Debug */,
				4035B8832660DE7A00331D86 /* Release */,
			);
			defaultConfigurationIsVisible = 0;
			defaultConfigurationName = Release;
		};
		6A88FA2A150D613800FC3647 /* Build configuration list for PBXProject "PeerTalk" */ = {
			isa = XCConfigurationList;
			buildConfigurations = (
				6A88FA54150D613800FC3647 /* Debug */,
				6A88FA55150D613800FC3647 /* Release */,
			);
			defaultConfigurationIsVisible = 0;
			defaultConfigurationName = Release;
		};
		AB6C994F257BB67A00D5624E /* Build configuration list for PBXNativeTarget "PeerTalk iOS" */ = {
			isa = XCConfigurationList;
			buildConfigurations = (
				AB6C9950257BB67A00D5624E /* Debug */,
				AB6C9951257BB67A00D5624E /* Release */,
			);
			defaultConfigurationIsVisible = 0;
			defaultConfigurationName = Release;
		};
		AB6C9963257BB68D00D5624E /* Build configuration list for PBXNativeTarget "PeerTalk macOS" */ = {
			isa = XCConfigurationList;
			buildConfigurations = (
				AB6C9964257BB68D00D5624E /* Debug */,
				AB6C9965257BB68D00D5624E /* Release */,
			);
			defaultConfigurationIsVisible = 0;
			defaultConfigurationName = Release;
		};
/* End XCConfigurationList section */
	};
	rootObject = 6A88FA27150D613800FC3647 /* Project object */;
}
